// !$*UTF8*$!
{
	archiveVersion = 1;
	classes = {
	};
	objectVersion = 46;
	objects = {

/* Begin PBXBuildFile section */
		C60935261D960BA400FF2911 /* main.m in Sources */ = {isa = PBXBuildFile; fileRef = C60935251D960BA400FF2911 /* main.m */; };
		C60935291D960BA400FF2911 /* AppDelegate.m in Sources */ = {isa = PBXBuildFile; fileRef = C60935281D960BA400FF2911 /* AppDelegate.m */; };
		C609352C1D960BA400FF2911 /* ViewController.m in Sources */ = {isa = PBXBuildFile; fileRef = C609352B1D960BA400FF2911 /* ViewController.m */; };
		C609352F1D960BA400FF2911 /* Main.storyboard in Resources */ = {isa = PBXBuildFile; fileRef = C609352D1D960BA400FF2911 /* Main.storyboard */; };
		C60935311D960BA400FF2911 /* Assets.xcassets in Resources */ = {isa = PBXBuildFile; fileRef = C60935301D960BA400FF2911 /* Assets.xcassets */; };
		C60935341D960BA400FF2911 /* LaunchScreen.storyboard in Resources */ = {isa = PBXBuildFile; fileRef = C60935321D960BA400FF2911 /* LaunchScreen.storyboard */; };
		C609353F1D960BA400FF2911 /* DesignPatternTests.m in Sources */ = {isa = PBXBuildFile; fileRef = C609353E1D960BA400FF2911 /* DesignPatternTests.m */; };
		C609354A1D960BA400FF2911 /* DesignPatternUITests.m in Sources */ = {isa = PBXBuildFile; fileRef = C60935491D960BA400FF2911 /* DesignPatternUITests.m */; };
		C609355C1D960C7300FF2911 /* LHPerson.m in Sources */ = {isa = PBXBuildFile; fileRef = C609355B1D960C7300FF2911 /* LHPerson.m */; };
		C609355F1D9612E000FF2911 /* LHFinery.m in Sources */ = {isa = PBXBuildFile; fileRef = C609355E1D9612E000FF2911 /* LHFinery.m */; };
		C6174CFA1DAB244500E99B1E /* LHCompany.m in Sources */ = {isa = PBXBuildFile; fileRef = C6174CF31DAB244500E99B1E /* LHCompany.m */; };
		C6174CFB1DAB244500E99B1E /* LHConcreteCompany.m in Sources */ = {isa = PBXBuildFile; fileRef = C6174CF51DAB244500E99B1E /* LHConcreteCompany.m */; };
		C6174CFC1DAB244500E99B1E /* LHFinanceDepartment.m in Sources */ = {isa = PBXBuildFile; fileRef = C6174CF71DAB244500E99B1E /* LHFinanceDepartment.m */; };
		C6174CFD1DAB244500E99B1E /* LHHRDepartment.m in Sources */ = {isa = PBXBuildFile; fileRef = C6174CF91DAB244500E99B1E /* LHHRDepartment.m */; };
		C646C1011D9CB453001125B9 /* LHAccessDepartment.m in Sources */ = {isa = PBXBuildFile; fileRef = C646C0F11D9CB453001125B9 /* LHAccessDepartment.m */; };
		C646C1021D9CB453001125B9 /* LHDepartment.m in Sources */ = {isa = PBXBuildFile; fileRef = C646C0F31D9CB453001125B9 /* LHDepartment.m */; };
		C646C1031D9CB453001125B9 /* LHIDepartment.m in Sources */ = {isa = PBXBuildFile; fileRef = C646C0F51D9CB453001125B9 /* LHIDepartment.m */; };
		C646C1041D9CB453001125B9 /* LHSqlServerDepartment.m in Sources */ = {isa = PBXBuildFile; fileRef = C646C0F71D9CB453001125B9 /* LHSqlServerDepartment.m */; };
		C646C1051D9CB453001125B9 /* LHAccessUser.m in Sources */ = {isa = PBXBuildFile; fileRef = C646C0FA1D9CB453001125B9 /* LHAccessUser.m */; };
		C646C1061D9CB453001125B9 /* LHIUser.m in Sources */ = {isa = PBXBuildFile; fileRef = C646C0FC1D9CB453001125B9 /* LHIUser.m */; };
		C646C1071D9CB453001125B9 /* LHSqlServerUser.m in Sources */ = {isa = PBXBuildFile; fileRef = C646C0FE1D9CB453001125B9 /* LHSqlServerUser.m */; };
		C646C1081D9CB453001125B9 /* LHUser.m in Sources */ = {isa = PBXBuildFile; fileRef = C646C1001D9CB453001125B9 /* LHUser.m */; };
		C646C10C1D9CB4BF001125B9 /* LHDataAccess.m in Sources */ = {isa = PBXBuildFile; fileRef = C646C10B1D9CB4BF001125B9 /* LHDataAccess.m */; };
		C646C1101D9CF084001125B9 /* LHWork.m in Sources */ = {isa = PBXBuildFile; fileRef = C646C10F1D9CF084001125B9 /* LHWork.m */; };
		C646C1131D9CFF1F001125B9 /* LHState.m in Sources */ = {isa = PBXBuildFile; fileRef = C646C1121D9CFF1F001125B9 /* LHState.m */; };
		C646C1161D9CFF4B001125B9 /* LHForenoonState.m in Sources */ = {isa = PBXBuildFile; fileRef = C646C1151D9CFF4B001125B9 /* LHForenoonState.m */; };
		C646C1191D9CFF80001125B9 /* LHNoonState.m in Sources */ = {isa = PBXBuildFile; fileRef = C646C1181D9CFF80001125B9 /* LHNoonState.m */; };
		C646C11C1D9CFFA4001125B9 /* LHAfternoonState.m in Sources */ = {isa = PBXBuildFile; fileRef = C646C11B1D9CFFA4001125B9 /* LHAfternoonState.m */; };
		C646C11F1D9D001A001125B9 /* LHEveningState.m in Sources */ = {isa = PBXBuildFile; fileRef = C646C11E1D9D001A001125B9 /* LHEveningState.m */; };
		C646C1221D9D0035001125B9 /* LHSleepingState.m in Sources */ = {isa = PBXBuildFile; fileRef = C646C1211D9D0035001125B9 /* LHSleepingState.m */; };
		C646C1251D9D0051001125B9 /* LHRestState.m in Sources */ = {isa = PBXBuildFile; fileRef = C646C1241D9D0051001125B9 /* LHRestState.m */; };
		C64763531E48748D007B8283 /* LHStrategyController.m in Sources */ = {isa = PBXBuildFile; fileRef = C64763511E48748D007B8283 /* LHStrategyController.m */; };
		C64763541E48748D007B8283 /* LHStrategyController.xib in Resources */ = {isa = PBXBuildFile; fileRef = C64763521E48748D007B8283 /* LHStrategyController.xib */; };
		C64763571E488644007B8283 /* CashSuper.m in Sources */ = {isa = PBXBuildFile; fileRef = C64763561E488644007B8283 /* CashSuper.m */; };
		C647635A1E4886A4007B8283 /* CashNormal.m in Sources */ = {isa = PBXBuildFile; fileRef = C64763591E4886A4007B8283 /* CashNormal.m */; };
		C647635D1E4886BA007B8283 /* CashRebate.m in Sources */ = {isa = PBXBuildFile; fileRef = C647635C1E4886BA007B8283 /* CashRebate.m */; };
		C64763601E4886CA007B8283 /* CashReturn.m in Sources */ = {isa = PBXBuildFile; fileRef = C647635F1E4886CA007B8283 /* CashReturn.m */; };
		C64763631E48877C007B8283 /* CashFactory.m in Sources */ = {isa = PBXBuildFile; fileRef = C64763621E48877C007B8283 /* CashFactory.m */; };
		C690F9411D99330A00B5436A /* LHResume.m in Sources */ = {isa = PBXBuildFile; fileRef = C690F9401D99330A00B5436A /* LHResume.m */; };
		C690F9451D9A05CA00B5436A /* LHTestPaper.m in Sources */ = {isa = PBXBuildFile; fileRef = C690F9441D9A05CA00B5436A /* LHTestPaper.m */; };
		C690F9491D9A22FD00B5436A /* LHTestPaperA.m in Sources */ = {isa = PBXBuildFile; fileRef = C690F9481D9A22FD00B5436A /* LHTestPaperA.m */; };
		C690F94C1D9A230C00B5436A /* LHTestPaperB.m in Sources */ = {isa = PBXBuildFile; fileRef = C690F94B1D9A230C00B5436A /* LHTestPaperB.m */; };
/* End PBXBuildFile section */

/* Begin PBXContainerItemProxy section */
		C609353B1D960BA400FF2911 /* PBXContainerItemProxy */ = {
			isa = PBXContainerItemProxy;
			containerPortal = C60935191D960BA400FF2911 /* Project object */;
			proxyType = 1;
			remoteGlobalIDString = C60935201D960BA400FF2911;
			remoteInfo = DesignPattern;
		};
		C60935461D960BA400FF2911 /* PBXContainerItemProxy */ = {
			isa = PBXContainerItemProxy;
			containerPortal = C60935191D960BA400FF2911 /* Project object */;
			proxyType = 1;
			remoteGlobalIDString = C60935201D960BA400FF2911;
			remoteInfo = DesignPattern;
		};
/* End PBXContainerItemProxy section */

/* Begin PBXFileReference section */
		C60935211D960BA400FF2911 /* DesignPattern.app */ = {isa = PBXFileReference; explicitFileType = wrapper.application; includeInIndex = 0; path = DesignPattern.app; sourceTree = BUILT_PRODUCTS_DIR; };
		C60935251D960BA400FF2911 /* main.m */ = {isa = PBXFileReference; lastKnownFileType = sourcecode.c.objc; path = main.m; sourceTree = "<group>"; };
		C60935271D960BA400FF2911 /* AppDelegate.h */ = {isa = PBXFileReference; lastKnownFileType = sourcecode.c.h; path = AppDelegate.h; sourceTree = "<group>"; };
		C60935281D960BA400FF2911 /* AppDelegate.m */ = {isa = PBXFileReference; lastKnownFileType = sourcecode.c.objc; path = AppDelegate.m; sourceTree = "<group>"; };
		C609352A1D960BA400FF2911 /* ViewController.h */ = {isa = PBXFileReference; lastKnownFileType = sourcecode.c.h; path = ViewController.h; sourceTree = "<group>"; };
		C609352B1D960BA400FF2911 /* ViewController.m */ = {isa = PBXFileReference; lastKnownFileType = sourcecode.c.objc; path = ViewController.m; sourceTree = "<group>"; };
		C609352E1D960BA400FF2911 /* Base */ = {isa = PBXFileReference; lastKnownFileType = file.storyboard; name = Base; path = Base.lproj/Main.storyboard; sourceTree = "<group>"; };
		C60935301D960BA400FF2911 /* Assets.xcassets */ = {isa = PBXFileReference; lastKnownFileType = folder.assetcatalog; path = Assets.xcassets; sourceTree = "<group>"; };
		C60935331D960BA400FF2911 /* Base */ = {isa = PBXFileReference; lastKnownFileType = file.storyboard; name = Base; path = Base.lproj/LaunchScreen.storyboard; sourceTree = "<group>"; };
		C60935351D960BA400FF2911 /* Info.plist */ = {isa = PBXFileReference; lastKnownFileType = text.plist.xml; path = Info.plist; sourceTree = "<group>"; };
		C609353A1D960BA400FF2911 /* DesignPatternTests.xctest */ = {isa = PBXFileReference; explicitFileType = wrapper.cfbundle; includeInIndex = 0; path = DesignPatternTests.xctest; sourceTree = BUILT_PRODUCTS_DIR; };
		C609353E1D960BA400FF2911 /* DesignPatternTests.m */ = {isa = PBXFileReference; lastKnownFileType = sourcecode.c.objc; path = DesignPatternTests.m; sourceTree = "<group>"; };
		C60935401D960BA400FF2911 /* Info.plist */ = {isa = PBXFileReference; lastKnownFileType = text.plist.xml; path = Info.plist; sourceTree = "<group>"; };
		C60935451D960BA400FF2911 /* DesignPatternUITests.xctest */ = {isa = PBXFileReference; explicitFileType = wrapper.cfbundle; includeInIndex = 0; path = DesignPatternUITests.xctest; sourceTree = BUILT_PRODUCTS_DIR; };
		C60935491D960BA400FF2911 /* DesignPatternUITests.m */ = {isa = PBXFileReference; lastKnownFileType = sourcecode.c.objc; path = DesignPatternUITests.m; sourceTree = "<group>"; };
		C609354B1D960BA400FF2911 /* Info.plist */ = {isa = PBXFileReference; lastKnownFileType = text.plist.xml; path = Info.plist; sourceTree = "<group>"; };
		C609355A1D960C7300FF2911 /* LHPerson.h */ = {isa = PBXFileReference; fileEncoding = 4; lastKnownFileType = sourcecode.c.h; path = LHPerson.h; sourceTree = "<group>"; };
		C609355B1D960C7300FF2911 /* LHPerson.m */ = {isa = PBXFileReference; fileEncoding = 4; lastKnownFileType = sourcecode.c.objc; path = LHPerson.m; sourceTree = "<group>"; };
		C609355D1D9612E000FF2911 /* LHFinery.h */ = {isa = PBXFileReference; fileEncoding = 4; lastKnownFileType = sourcecode.c.h; path = LHFinery.h; sourceTree = "<group>"; };
		C609355E1D9612E000FF2911 /* LHFinery.m */ = {isa = PBXFileReference; fileEncoding = 4; lastKnownFileType = sourcecode.c.objc; path = LHFinery.m; sourceTree = "<group>"; };
		C6174CF21DAB244500E99B1E /* LHCompany.h */ = {isa = PBXFileReference; fileEncoding = 4; lastKnownFileType = sourcecode.c.h; path = LHCompany.h; sourceTree = "<group>"; };
		C6174CF31DAB244500E99B1E /* LHCompany.m */ = {isa = PBXFileReference; fileEncoding = 4; lastKnownFileType = sourcecode.c.objc; path = LHCompany.m; sourceTree = "<group>"; };
		C6174CF41DAB244500E99B1E /* LHConcreteCompany.h */ = {isa = PBXFileReference; fileEncoding = 4; lastKnownFileType = sourcecode.c.h; path = LHConcreteCompany.h; sourceTree = "<group>"; };
		C6174CF51DAB244500E99B1E /* LHConcreteCompany.m */ = {isa = PBXFileReference; fileEncoding = 4; lastKnownFileType = sourcecode.c.objc; path = LHConcreteCompany.m; sourceTree = "<group>"; };
		C6174CF61DAB244500E99B1E /* LHFinanceDepartment.h */ = {isa = PBXFileReference; fileEncoding = 4; lastKnownFileType = sourcecode.c.h; path = LHFinanceDepartment.h; sourceTree = "<group>"; };
		C6174CF71DAB244500E99B1E /* LHFinanceDepartment.m */ = {isa = PBXFileReference; fileEncoding = 4; lastKnownFileType = sourcecode.c.objc; path = LHFinanceDepartment.m; sourceTree = "<group>"; };
		C6174CF81DAB244500E99B1E /* LHHRDepartment.h */ = {isa = PBXFileReference; fileEncoding = 4; lastKnownFileType = sourcecode.c.h; path = LHHRDepartment.h; sourceTree = "<group>"; };
		C6174CF91DAB244500E99B1E /* LHHRDepartment.m */ = {isa = PBXFileReference; fileEncoding = 4; lastKnownFileType = sourcecode.c.objc; path = LHHRDepartment.m; sourceTree = "<group>"; };
		C646C0F01D9CB453001125B9 /* LHAccessDepartment.h */ = {isa = PBXFileReference; fileEncoding = 4; lastKnownFileType = sourcecode.c.h; path = LHAccessDepartment.h; sourceTree = "<group>"; };
		C646C0F11D9CB453001125B9 /* LHAccessDepartment.m */ = {isa = PBXFileReference; fileEncoding = 4; lastKnownFileType = sourcecode.c.objc; path = LHAccessDepartment.m; sourceTree = "<group>"; };
		C646C0F21D9CB453001125B9 /* LHDepartment.h */ = {isa = PBXFileReference; fileEncoding = 4; lastKnownFileType = sourcecode.c.h; path = LHDepartment.h; sourceTree = "<group>"; };
		C646C0F31D9CB453001125B9 /* LHDepartment.m */ = {isa = PBXFileReference; fileEncoding = 4; lastKnownFileType = sourcecode.c.objc; path = LHDepartment.m; sourceTree = "<group>"; };
		C646C0F41D9CB453001125B9 /* LHIDepartment.h */ = {isa = PBXFileReference; fileEncoding = 4; lastKnownFileType = sourcecode.c.h; path = LHIDepartment.h; sourceTree = "<group>"; };
		C646C0F51D9CB453001125B9 /* LHIDepartment.m */ = {isa = PBXFileReference; fileEncoding = 4; lastKnownFileType = sourcecode.c.objc; path = LHIDepartment.m; sourceTree = "<group>"; };
		C646C0F61D9CB453001125B9 /* LHSqlServerDepartment.h */ = {isa = PBXFileReference; fileEncoding = 4; lastKnownFileType = sourcecode.c.h; path = LHSqlServerDepartment.h; sourceTree = "<group>"; };
		C646C0F71D9CB453001125B9 /* LHSqlServerDepartment.m */ = {isa = PBXFileReference; fileEncoding = 4; lastKnownFileType = sourcecode.c.objc; path = LHSqlServerDepartment.m; sourceTree = "<group>"; };
		C646C0F91D9CB453001125B9 /* LHAccessUser.h */ = {isa = PBXFileReference; fileEncoding = 4; lastKnownFileType = sourcecode.c.h; path = LHAccessUser.h; sourceTree = "<group>"; };
		C646C0FA1D9CB453001125B9 /* LHAccessUser.m */ = {isa = PBXFileReference; fileEncoding = 4; lastKnownFileType = sourcecode.c.objc; path = LHAccessUser.m; sourceTree = "<group>"; };
		C646C0FB1D9CB453001125B9 /* LHIUser.h */ = {isa = PBXFileReference; fileEncoding = 4; lastKnownFileType = sourcecode.c.h; path = LHIUser.h; sourceTree = "<group>"; };
		C646C0FC1D9CB453001125B9 /* LHIUser.m */ = {isa = PBXFileReference; fileEncoding = 4; lastKnownFileType = sourcecode.c.objc; path = LHIUser.m; sourceTree = "<group>"; };
		C646C0FD1D9CB453001125B9 /* LHSqlServerUser.h */ = {isa = PBXFileReference; fileEncoding = 4; lastKnownFileType = sourcecode.c.h; path = LHSqlServerUser.h; sourceTree = "<group>"; };
		C646C0FE1D9CB453001125B9 /* LHSqlServerUser.m */ = {isa = PBXFileReference; fileEncoding = 4; lastKnownFileType = sourcecode.c.objc; path = LHSqlServerUser.m; sourceTree = "<group>"; };
		C646C0FF1D9CB453001125B9 /* LHUser.h */ = {isa = PBXFileReference; fileEncoding = 4; lastKnownFileType = sourcecode.c.h; path = LHUser.h; sourceTree = "<group>"; };
		C646C1001D9CB453001125B9 /* LHUser.m */ = {isa = PBXFileReference; fileEncoding = 4; lastKnownFileType = sourcecode.c.objc; path = LHUser.m; sourceTree = "<group>"; };
		C646C10A1D9CB4BF001125B9 /* LHDataAccess.h */ = {isa = PBXFileReference; fileEncoding = 4; lastKnownFileType = sourcecode.c.h; path = LHDataAccess.h; sourceTree = "<group>"; };
		C646C10B1D9CB4BF001125B9 /* LHDataAccess.m */ = {isa = PBXFileReference; fileEncoding = 4; lastKnownFileType = sourcecode.c.objc; path = LHDataAccess.m; sourceTree = "<group>"; };
		C646C10E1D9CF084001125B9 /* LHWork.h */ = {isa = PBXFileReference; fileEncoding = 4; lastKnownFileType = sourcecode.c.h; path = LHWork.h; sourceTree = "<group>"; };
		C646C10F1D9CF084001125B9 /* LHWork.m */ = {isa = PBXFileReference; fileEncoding = 4; lastKnownFileType = sourcecode.c.objc; path = LHWork.m; sourceTree = "<group>"; };
		C646C1111D9CFF1F001125B9 /* LHState.h */ = {isa = PBXFileReference; fileEncoding = 4; lastKnownFileType = sourcecode.c.h; path = LHState.h; sourceTree = "<group>"; };
		C646C1121D9CFF1F001125B9 /* LHState.m */ = {isa = PBXFileReference; fileEncoding = 4; lastKnownFileType = sourcecode.c.objc; path = LHState.m; sourceTree = "<group>"; };
		C646C1141D9CFF4B001125B9 /* LHForenoonState.h */ = {isa = PBXFileReference; fileEncoding = 4; lastKnownFileType = sourcecode.c.h; path = LHForenoonState.h; sourceTree = "<group>"; };
		C646C1151D9CFF4B001125B9 /* LHForenoonState.m */ = {isa = PBXFileReference; fileEncoding = 4; lastKnownFileType = sourcecode.c.objc; path = LHForenoonState.m; sourceTree = "<group>"; };
		C646C1171D9CFF80001125B9 /* LHNoonState.h */ = {isa = PBXFileReference; fileEncoding = 4; lastKnownFileType = sourcecode.c.h; path = LHNoonState.h; sourceTree = "<group>"; };
		C646C1181D9CFF80001125B9 /* LHNoonState.m */ = {isa = PBXFileReference; fileEncoding = 4; lastKnownFileType = sourcecode.c.objc; path = LHNoonState.m; sourceTree = "<group>"; };
		C646C11A1D9CFFA4001125B9 /* LHAfternoonState.h */ = {isa = PBXFileReference; fileEncoding = 4; lastKnownFileType = sourcecode.c.h; path = LHAfternoonState.h; sourceTree = "<group>"; };
		C646C11B1D9CFFA4001125B9 /* LHAfternoonState.m */ = {isa = PBXFileReference; fileEncoding = 4; lastKnownFileType = sourcecode.c.objc; path = LHAfternoonState.m; sourceTree = "<group>"; };
		C646C11D1D9D001A001125B9 /* LHEveningState.h */ = {isa = PBXFileReference; fileEncoding = 4; lastKnownFileType = sourcecode.c.h; path = LHEveningState.h; sourceTree = "<group>"; };
		C646C11E1D9D001A001125B9 /* LHEveningState.m */ = {isa = PBXFileReference; fileEncoding = 4; lastKnownFileType = sourcecode.c.objc; path = LHEveningState.m; sourceTree = "<group>"; };
		C646C1201D9D0035001125B9 /* LHSleepingState.h */ = {isa = PBXFileReference; fileEncoding = 4; lastKnownFileType = sourcecode.c.h; path = LHSleepingState.h; sourceTree = "<group>"; };
		C646C1211D9D0035001125B9 /* LHSleepingState.m */ = {isa = PBXFileReference; fileEncoding = 4; lastKnownFileType = sourcecode.c.objc; path = LHSleepingState.m; sourceTree = "<group>"; };
		C646C1231D9D0051001125B9 /* LHRestState.h */ = {isa = PBXFileReference; fileEncoding = 4; lastKnownFileType = sourcecode.c.h; path = LHRestState.h; sourceTree = "<group>"; };
		C646C1241D9D0051001125B9 /* LHRestState.m */ = {isa = PBXFileReference; fileEncoding = 4; lastKnownFileType = sourcecode.c.objc; path = LHRestState.m; sourceTree = "<group>"; };
		C64763501E48748D007B8283 /* LHStrategyController.h */ = {isa = PBXFileReference; fileEncoding = 4; lastKnownFileType = sourcecode.c.h; path = LHStrategyController.h; sourceTree = "<group>"; };
		C64763511E48748D007B8283 /* LHStrategyController.m */ = {isa = PBXFileReference; fileEncoding = 4; lastKnownFileType = sourcecode.c.objc; path = LHStrategyController.m; sourceTree = "<group>"; };
		C64763521E48748D007B8283 /* LHStrategyController.xib */ = {isa = PBXFileReference; fileEncoding = 4; lastKnownFileType = file.xib; path = LHStrategyController.xib; sourceTree = "<group>"; };
		C64763551E488644007B8283 /* CashSuper.h */ = {isa = PBXFileReference; fileEncoding = 4; lastKnownFileType = sourcecode.c.h; path = CashSuper.h; sourceTree = "<group>"; };
		C64763561E488644007B8283 /* CashSuper.m */ = {isa = PBXFileReference; fileEncoding = 4; lastKnownFileType = sourcecode.c.objc; path = CashSuper.m; sourceTree = "<group>"; };
		C64763581E4886A4007B8283 /* CashNormal.h */ = {isa = PBXFileReference; fileEncoding = 4; lastKnownFileType = sourcecode.c.h; path = CashNormal.h; sourceTree = "<group>"; };
		C64763591E4886A4007B8283 /* CashNormal.m */ = {isa = PBXFileReference; fileEncoding = 4; lastKnownFileType = sourcecode.c.objc; path = CashNormal.m; sourceTree = "<group>"; };
		C647635B1E4886BA007B8283 /* CashRebate.h */ = {isa = PBXFileReference; fileEncoding = 4; lastKnownFileType = sourcecode.c.h; path = CashRebate.h; sourceTree = "<group>"; };
		C647635C1E4886BA007B8283 /* CashRebate.m */ = {isa = PBXFileReference; fileEncoding = 4; lastKnownFileType = sourcecode.c.objc; path = CashRebate.m; sourceTree = "<group>"; };
		C647635E1E4886CA007B8283 /* CashReturn.h */ = {isa = PBXFileReference; fileEncoding = 4; lastKnownFileType = sourcecode.c.h; path = CashReturn.h; sourceTree = "<group>"; };
		C647635F1E4886CA007B8283 /* CashReturn.m */ = {isa = PBXFileReference; fileEncoding = 4; lastKnownFileType = sourcecode.c.objc; path = CashReturn.m; sourceTree = "<group>"; };
		C64763611E48877C007B8283 /* CashFactory.h */ = {isa = PBXFileReference; fileEncoding = 4; lastKnownFileType = sourcecode.c.h; path = CashFactory.h; sourceTree = "<group>"; };
		C64763621E48877C007B8283 /* CashFactory.m */ = {isa = PBXFileReference; fileEncoding = 4; lastKnownFileType = sourcecode.c.objc; path = CashFactory.m; sourceTree = "<group>"; };
		C690F93F1D99330A00B5436A /* LHResume.h */ = {isa = PBXFileReference; fileEncoding = 4; lastKnownFileType = sourcecode.c.h; path = LHResume.h; sourceTree = "<group>"; };
		C690F9401D99330A00B5436A /* LHResume.m */ = {isa = PBXFileReference; fileEncoding = 4; lastKnownFileType = sourcecode.c.objc; path = LHResume.m; sourceTree = "<group>"; };
		C690F9431D9A05CA00B5436A /* LHTestPaper.h */ = {isa = PBXFileReference; fileEncoding = 4; lastKnownFileType = sourcecode.c.h; path = LHTestPaper.h; sourceTree = "<group>"; };
		C690F9441D9A05CA00B5436A /* LHTestPaper.m */ = {isa = PBXFileReference; fileEncoding = 4; lastKnownFileType = sourcecode.c.objc; path = LHTestPaper.m; sourceTree = "<group>"; };
		C690F9471D9A22FD00B5436A /* LHTestPaperA.h */ = {isa = PBXFileReference; fileEncoding = 4; lastKnownFileType = sourcecode.c.h; path = LHTestPaperA.h; sourceTree = "<group>"; };
		C690F9481D9A22FD00B5436A /* LHTestPaperA.m */ = {isa = PBXFileReference; fileEncoding = 4; lastKnownFileType = sourcecode.c.objc; path = LHTestPaperA.m; sourceTree = "<group>"; };
		C690F94A1D9A230C00B5436A /* LHTestPaperB.h */ = {isa = PBXFileReference; fileEncoding = 4; lastKnownFileType = sourcecode.c.h; path = LHTestPaperB.h; sourceTree = "<group>"; };
		C690F94B1D9A230C00B5436A /* LHTestPaperB.m */ = {isa = PBXFileReference; fileEncoding = 4; lastKnownFileType = sourcecode.c.objc; path = LHTestPaperB.m; sourceTree = "<group>"; };
/* End PBXFileReference section */

/* Begin PBXFrameworksBuildPhase section */
		C609351E1D960BA400FF2911 /* Frameworks */ = {
			isa = PBXFrameworksBuildPhase;
			buildActionMask = 2147483647;
			files = (
			);
			runOnlyForDeploymentPostprocessing = 0;
		};
		C60935371D960BA400FF2911 /* Frameworks */ = {
			isa = PBXFrameworksBuildPhase;
			buildActionMask = 2147483647;
			files = (
			);
			runOnlyForDeploymentPostprocessing = 0;
		};
		C60935421D960BA400FF2911 /* Frameworks */ = {
			isa = PBXFrameworksBuildPhase;
			buildActionMask = 2147483647;
			files = (
			);
			runOnlyForDeploymentPostprocessing = 0;
		};
/* End PBXFrameworksBuildPhase section */

/* Begin PBXGroup section */
		C60935181D960BA400FF2911 = {
			isa = PBXGroup;
			children = (
				C60935231D960BA400FF2911 /* DesignPattern */,
				C609353D1D960BA400FF2911 /* DesignPatternTests */,
				C60935481D960BA400FF2911 /* DesignPatternUITests */,
				C60935221D960BA400FF2911 /* Products */,
			);
			sourceTree = "<group>";
		};
		C60935221D960BA400FF2911 /* Products */ = {
			isa = PBXGroup;
			children = (
				C60935211D960BA400FF2911 /* DesignPattern.app */,
				C609353A1D960BA400FF2911 /* DesignPatternTests.xctest */,
				C60935451D960BA400FF2911 /* DesignPatternUITests.xctest */,
			);
			name = Products;
			sourceTree = "<group>";
		};
		C60935231D960BA400FF2911 /* DesignPattern */ = {
			isa = PBXGroup;
			children = (
				C60935271D960BA400FF2911 /* AppDelegate.h */,
				C60935281D960BA400FF2911 /* AppDelegate.m */,
				C609352A1D960BA400FF2911 /* ViewController.h */,
				C609352B1D960BA400FF2911 /* ViewController.m */,
				C647634F1E48743C007B8283 /* Strategy */,
				C6174CF11DAB244500E99B1E /* Composite */,
				C646C10D1D9CF06A001125B9 /* StateModel */,
				C646C0CD1D9C9AD1001125B9 /* AbstractFactory */,
				C639E04E1D9B59500031EC57 /* Observe */,
				C690F9421D9A041900B5436A /* TemplateMethod */,
				C690F93E1D9932E100B5436A /* Prototype */,
				C60935591D960C5800FF2911 /* Decorative */,
				C609352D1D960BA400FF2911 /* Main.storyboard */,
				C60935301D960BA400FF2911 /* Assets.xcassets */,
				C60935321D960BA400FF2911 /* LaunchScreen.storyboard */,
				C60935351D960BA400FF2911 /* Info.plist */,
				C60935241D960BA400FF2911 /* Supporting Files */,
			);
			path = DesignPattern;
			sourceTree = "<group>";
		};
		C60935241D960BA400FF2911 /* Supporting Files */ = {
			isa = PBXGroup;
			children = (
				C60935251D960BA400FF2911 /* main.m */,
			);
			name = "Supporting Files";
			sourceTree = "<group>";
		};
		C609353D1D960BA400FF2911 /* DesignPatternTests */ = {
			isa = PBXGroup;
			children = (
				C609353E1D960BA400FF2911 /* DesignPatternTests.m */,
				C60935401D960BA400FF2911 /* Info.plist */,
			);
			path = DesignPatternTests;
			sourceTree = "<group>";
		};
		C60935481D960BA400FF2911 /* DesignPatternUITests */ = {
			isa = PBXGroup;
			children = (
				C60935491D960BA400FF2911 /* DesignPatternUITests.m */,
				C609354B1D960BA400FF2911 /* Info.plist */,
			);
			path = DesignPatternUITests;
			sourceTree = "<group>";
		};
		C60935591D960C5800FF2911 /* Decorative */ = {
			isa = PBXGroup;
			children = (
				C609355A1D960C7300FF2911 /* LHPerson.h */,
				C609355B1D960C7300FF2911 /* LHPerson.m */,
				C609355D1D9612E000FF2911 /* LHFinery.h */,
				C609355E1D9612E000FF2911 /* LHFinery.m */,
			);
			path = Decorative;
			sourceTree = "<group>";
		};
		C6174CF11DAB244500E99B1E /* Composite */ = {
			isa = PBXGroup;
			children = (
				C6174CF21DAB244500E99B1E /* LHCompany.h */,
				C6174CF31DAB244500E99B1E /* LHCompany.m */,
				C6174CF41DAB244500E99B1E /* LHConcreteCompany.h */,
				C6174CF51DAB244500E99B1E /* LHConcreteCompany.m */,
				C6174CF61DAB244500E99B1E /* LHFinanceDepartment.h */,
				C6174CF71DAB244500E99B1E /* LHFinanceDepartment.m */,
				C6174CF81DAB244500E99B1E /* LHHRDepartment.h */,
				C6174CF91DAB244500E99B1E /* LHHRDepartment.m */,
			);
			path = Composite;
			sourceTree = "<group>";
		};
		C639E04E1D9B59500031EC57 /* Observe */ = {
			isa = PBXGroup;
			children = (
			);
			path = Observe;
			sourceTree = "<group>";
		};
		C646C0CD1D9C9AD1001125B9 /* AbstractFactory */ = {
			isa = PBXGroup;
			children = (
				C646C1091D9CB49C001125B9 /* dataAccess */,
				C646C0EF1D9CB453001125B9 /* department */,
				C646C0F81D9CB453001125B9 /* user */,
			);
			path = AbstractFactory;
			sourceTree = "<group>";
		};
		C646C0EF1D9CB453001125B9 /* department */ = {
			isa = PBXGroup;
			children = (
				C646C0F01D9CB453001125B9 /* LHAccessDepartment.h */,
				C646C0F11D9CB453001125B9 /* LHAccessDepartment.m */,
				C646C0F21D9CB453001125B9 /* LHDepartment.h */,
				C646C0F31D9CB453001125B9 /* LHDepartment.m */,
				C646C0F41D9CB453001125B9 /* LHIDepartment.h */,
				C646C0F51D9CB453001125B9 /* LHIDepartment.m */,
				C646C0F61D9CB453001125B9 /* LHSqlServerDepartment.h */,
				C646C0F71D9CB453001125B9 /* LHSqlServerDepartment.m */,
			);
			path = department;
			sourceTree = "<group>";
		};
		C646C0F81D9CB453001125B9 /* user */ = {
			isa = PBXGroup;
			children = (
				C646C0F91D9CB453001125B9 /* LHAccessUser.h */,
				C646C0FA1D9CB453001125B9 /* LHAccessUser.m */,
				C646C0FB1D9CB453001125B9 /* LHIUser.h */,
				C646C0FC1D9CB453001125B9 /* LHIUser.m */,
				C646C0FD1D9CB453001125B9 /* LHSqlServerUser.h */,
				C646C0FE1D9CB453001125B9 /* LHSqlServerUser.m */,
				C646C0FF1D9CB453001125B9 /* LHUser.h */,
				C646C1001D9CB453001125B9 /* LHUser.m */,
			);
			path = user;
			sourceTree = "<group>";
		};
		C646C1091D9CB49C001125B9 /* dataAccess */ = {
			isa = PBXGroup;
			children = (
				C646C10A1D9CB4BF001125B9 /* LHDataAccess.h */,
				C646C10B1D9CB4BF001125B9 /* LHDataAccess.m */,
			);
			path = dataAccess;
			sourceTree = "<group>";
		};
		C646C10D1D9CF06A001125B9 /* StateModel */ = {
			isa = PBXGroup;
			children = (
				C646C10E1D9CF084001125B9 /* LHWork.h */,
				C646C10F1D9CF084001125B9 /* LHWork.m */,
				C646C1111D9CFF1F001125B9 /* LHState.h */,
				C646C1121D9CFF1F001125B9 /* LHState.m */,
				C646C1141D9CFF4B001125B9 /* LHForenoonState.h */,
				C646C1151D9CFF4B001125B9 /* LHForenoonState.m */,
				C646C1171D9CFF80001125B9 /* LHNoonState.h */,
				C646C1181D9CFF80001125B9 /* LHNoonState.m */,
				C646C11A1D9CFFA4001125B9 /* LHAfternoonState.h */,
				C646C11B1D9CFFA4001125B9 /* LHAfternoonState.m */,
				C646C11D1D9D001A001125B9 /* LHEveningState.h */,
				C646C11E1D9D001A001125B9 /* LHEveningState.m */,
				C646C1201D9D0035001125B9 /* LHSleepingState.h */,
				C646C1211D9D0035001125B9 /* LHSleepingState.m */,
				C646C1231D9D0051001125B9 /* LHRestState.h */,
				C646C1241D9D0051001125B9 /* LHRestState.m */,
			);
			path = StateModel;
			sourceTree = "<group>";
		};
		C647634F1E48743C007B8283 /* Strategy */ = {
			isa = PBXGroup;
			children = (
				C64763501E48748D007B8283 /* LHStrategyController.h */,
				C64763511E48748D007B8283 /* LHStrategyController.m */,
				C64763521E48748D007B8283 /* LHStrategyController.xib */,
				C64763611E48877C007B8283 /* CashFactory.h */,
				C64763621E48877C007B8283 /* CashFactory.m */,
				C64763551E488644007B8283 /* CashSuper.h */,
				C64763561E488644007B8283 /* CashSuper.m */,
				C64763581E4886A4007B8283 /* CashNormal.h */,
				C64763591E4886A4007B8283 /* CashNormal.m */,
				C647635B1E4886BA007B8283 /* CashRebate.h */,
				C647635C1E4886BA007B8283 /* CashRebate.m */,
				C647635E1E4886CA007B8283 /* CashReturn.h */,
				C647635F1E4886CA007B8283 /* CashReturn.m */,
			);
			path = Strategy;
			sourceTree = "<group>";
		};
		C690F93E1D9932E100B5436A /* Prototype */ = {
			isa = PBXGroup;
			children = (
				C690F93F1D99330A00B5436A /* LHResume.h */,
				C690F9401D99330A00B5436A /* LHResume.m */,
			);
			path = Prototype;
			sourceTree = "<group>";
		};
		C690F9421D9A041900B5436A /* TemplateMethod */ = {
			isa = PBXGroup;
			children = (
				C690F9431D9A05CA00B5436A /* LHTestPaper.h */,
				C690F9441D9A05CA00B5436A /* LHTestPaper.m */,
				C690F9471D9A22FD00B5436A /* LHTestPaperA.h */,
				C690F9481D9A22FD00B5436A /* LHTestPaperA.m */,
				C690F94A1D9A230C00B5436A /* LHTestPaperB.h */,
				C690F94B1D9A230C00B5436A /* LHTestPaperB.m */,
			);
			path = TemplateMethod;
			sourceTree = "<group>";
		};
/* End PBXGroup section */

/* Begin PBXNativeTarget section */
		C60935201D960BA400FF2911 /* DesignPattern */ = {
			isa = PBXNativeTarget;
			buildConfigurationList = C609354E1D960BA400FF2911 /* Build configuration list for PBXNativeTarget "DesignPattern" */;
			buildPhases = (
				C609351D1D960BA400FF2911 /* Sources */,
				C609351E1D960BA400FF2911 /* Frameworks */,
				C609351F1D960BA400FF2911 /* Resources */,
			);
			buildRules = (
			);
			dependencies = (
			);
			name = DesignPattern;
			productName = DesignPattern;
			productReference = C60935211D960BA400FF2911 /* DesignPattern.app */;
			productType = "com.apple.product-type.application";
		};
		C60935391D960BA400FF2911 /* DesignPatternTests */ = {
			isa = PBXNativeTarget;
			buildConfigurationList = C60935511D960BA400FF2911 /* Build configuration list for PBXNativeTarget "DesignPatternTests" */;
			buildPhases = (
				C60935361D960BA400FF2911 /* Sources */,
				C60935371D960BA400FF2911 /* Frameworks */,
				C60935381D960BA400FF2911 /* Resources */,
			);
			buildRules = (
			);
			dependencies = (
				C609353C1D960BA400FF2911 /* PBXTargetDependency */,
			);
			name = DesignPatternTests;
			productName = DesignPatternTests;
			productReference = C609353A1D960BA400FF2911 /* DesignPatternTests.xctest */;
			productType = "com.apple.product-type.bundle.unit-test";
		};
		C60935441D960BA400FF2911 /* DesignPatternUITests */ = {
			isa = PBXNativeTarget;
			buildConfigurationList = C60935541D960BA400FF2911 /* Build configuration list for PBXNativeTarget "DesignPatternUITests" */;
			buildPhases = (
				C60935411D960BA400FF2911 /* Sources */,
				C60935421D960BA400FF2911 /* Frameworks */,
				C60935431D960BA400FF2911 /* Resources */,
			);
			buildRules = (
			);
			dependencies = (
				C60935471D960BA400FF2911 /* PBXTargetDependency */,
			);
			name = DesignPatternUITests;
			productName = DesignPatternUITests;
			productReference = C60935451D960BA400FF2911 /* DesignPatternUITests.xctest */;
			productType = "com.apple.product-type.bundle.ui-testing";
		};
/* End PBXNativeTarget section */

/* Begin PBXProject section */
		C60935191D960BA400FF2911 /* Project object */ = {
			isa = PBXProject;
			attributes = {
				LastUpgradeCheck = 0800;
				ORGANIZATIONNAME = huage;
				TargetAttributes = {
					C60935201D960BA400FF2911 = {
						CreatedOnToolsVersion = 7.3.1;
						DevelopmentTeam = 95CKJLU234;
					};
					C60935391D960BA400FF2911 = {
						CreatedOnToolsVersion = 7.3.1;
						DevelopmentTeam = 95CKJLU234;
						TestTargetID = C60935201D960BA400FF2911;
					};
					C60935441D960BA400FF2911 = {
						CreatedOnToolsVersion = 7.3.1;
						DevelopmentTeam = 95CKJLU234;
						TestTargetID = C60935201D960BA400FF2911;
					};
				};
			};
			buildConfigurationList = C609351C1D960BA400FF2911 /* Build configuration list for PBXProject "DesignPattern" */;
			compatibilityVersion = "Xcode 3.2";
			developmentRegion = English;
			hasScannedForEncodings = 0;
			knownRegions = (
				en,
				Base,
			);
			mainGroup = C60935181D960BA400FF2911;
			productRefGroup = C60935221D960BA400FF2911 /* Products */;
			projectDirPath = "";
			projectRoot = "";
			targets = (
				C60935201D960BA400FF2911 /* DesignPattern */,
				C60935391D960BA400FF2911 /* DesignPatternTests */,
				C60935441D960BA400FF2911 /* DesignPatternUITests */,
			);
		};
/* End PBXProject section */

/* Begin PBXResourcesBuildPhase section */
		C609351F1D960BA400FF2911 /* Resources */ = {
			isa = PBXResourcesBuildPhase;
			buildActionMask = 2147483647;
			files = (
				C64763541E48748D007B8283 /* LHStrategyController.xib in Resources */,
				C60935341D960BA400FF2911 /* LaunchScreen.storyboard in Resources */,
				C60935311D960BA400FF2911 /* Assets.xcassets in Resources */,
				C609352F1D960BA400FF2911 /* Main.storyboard in Resources */,
			);
			runOnlyForDeploymentPostprocessing = 0;
		};
		C60935381D960BA400FF2911 /* Resources */ = {
			isa = PBXResourcesBuildPhase;
			buildActionMask = 2147483647;
			files = (
			);
			runOnlyForDeploymentPostprocessing = 0;
		};
		C60935431D960BA400FF2911 /* Resources */ = {
			isa = PBXResourcesBuildPhase;
			buildActionMask = 2147483647;
			files = (
			);
			runOnlyForDeploymentPostprocessing = 0;
		};
/* End PBXResourcesBuildPhase section */

/* Begin PBXSourcesBuildPhase section */
		C609351D1D960BA400FF2911 /* Sources */ = {
			isa = PBXSourcesBuildPhase;
			buildActionMask = 2147483647;
			files = (
				C6174CFA1DAB244500E99B1E /* LHCompany.m in Sources */,
				C609355C1D960C7300FF2911 /* LHPerson.m in Sources */,
				C647635A1E4886A4007B8283 /* CashNormal.m in Sources */,
				C646C1011D9CB453001125B9 /* LHAccessDepartment.m in Sources */,
				C646C1041D9CB453001125B9 /* LHSqlServerDepartment.m in Sources */,
				C646C1101D9CF084001125B9 /* LHWork.m in Sources */,
				C646C11F1D9D001A001125B9 /* LHEveningState.m in Sources */,
				C646C1081D9CB453001125B9 /* LHUser.m in Sources */,
				C609355F1D9612E000FF2911 /* LHFinery.m in Sources */,
				C609352C1D960BA400FF2911 /* ViewController.m in Sources */,
				C60935291D960BA400FF2911 /* AppDelegate.m in Sources */,
				C646C1071D9CB453001125B9 /* LHSqlServerUser.m in Sources */,
				C646C1221D9D0035001125B9 /* LHSleepingState.m in Sources */,
				C646C1051D9CB453001125B9 /* LHAccessUser.m in Sources */,
				C690F9451D9A05CA00B5436A /* LHTestPaper.m in Sources */,
				C646C11C1D9CFFA4001125B9 /* LHAfternoonState.m in Sources */,
				C647635D1E4886BA007B8283 /* CashRebate.m in Sources */,
				C690F9411D99330A00B5436A /* LHResume.m in Sources */,
				C646C1031D9CB453001125B9 /* LHIDepartment.m in Sources */,
				C64763531E48748D007B8283 /* LHStrategyController.m in Sources */,
				C6174CFD1DAB244500E99B1E /* LHHRDepartment.m in Sources */,
				C646C1131D9CFF1F001125B9 /* LHState.m in Sources */,
				C690F9491D9A22FD00B5436A /* LHTestPaperA.m in Sources */,
				C646C1021D9CB453001125B9 /* LHDepartment.m in Sources */,
				C6174CFB1DAB244500E99B1E /* LHConcreteCompany.m in Sources */,
				C64763631E48877C007B8283 /* CashFactory.m in Sources */,
				C60935261D960BA400FF2911 /* main.m in Sources */,
				C64763571E488644007B8283 /* CashSuper.m in Sources */,
				C646C1191D9CFF80001125B9 /* LHNoonState.m in Sources */,
				C646C1061D9CB453001125B9 /* LHIUser.m in Sources */,
				C646C1161D9CFF4B001125B9 /* LHForenoonState.m in Sources */,
				C6174CFC1DAB244500E99B1E /* LHFinanceDepartment.m in Sources */,
				C64763601E4886CA007B8283 /* CashReturn.m in Sources */,
				C646C1251D9D0051001125B9 /* LHRestState.m in Sources */,
				C690F94C1D9A230C00B5436A /* LHTestPaperB.m in Sources */,
				C646C10C1D9CB4BF001125B9 /* LHDataAccess.m in Sources */,
			);
			runOnlyForDeploymentPostprocessing = 0;
		};
		C60935361D960BA400FF2911 /* Sources */ = {
			isa = PBXSourcesBuildPhase;
			buildActionMask = 2147483647;
			files = (
				C609353F1D960BA400FF2911 /* DesignPatternTests.m in Sources */,
			);
			runOnlyForDeploymentPostprocessing = 0;
		};
		C60935411D960BA400FF2911 /* Sources */ = {
			isa = PBXSourcesBuildPhase;
			buildActionMask = 2147483647;
			files = (
				C609354A1D960BA400FF2911 /* DesignPatternUITests.m in Sources */,
			);
			runOnlyForDeploymentPostprocessing = 0;
		};
/* End PBXSourcesBuildPhase section */

/* Begin PBXTargetDependency section */
		C609353C1D960BA400FF2911 /* PBXTargetDependency */ = {
			isa = PBXTargetDependency;
			target = C60935201D960BA400FF2911 /* DesignPattern */;
			targetProxy = C609353B1D960BA400FF2911 /* PBXContainerItemProxy */;
		};
		C60935471D960BA400FF2911 /* PBXTargetDependency */ = {
			isa = PBXTargetDependency;
			target = C60935201D960BA400FF2911 /* DesignPattern */;
			targetProxy = C60935461D960BA400FF2911 /* PBXContainerItemProxy */;
		};
/* End PBXTargetDependency section */

/* Begin PBXVariantGroup section */
		C609352D1D960BA400FF2911 /* Main.storyboard */ = {
			isa = PBXVariantGroup;
			children = (
				C609352E1D960BA400FF2911 /* Base */,
			);
			name = Main.storyboard;
			sourceTree = "<group>";
		};
		C60935321D960BA400FF2911 /* LaunchScreen.storyboard */ = {
			isa = PBXVariantGroup;
			children = (
				C60935331D960BA400FF2911 /* Base */,
			);
			name = LaunchScreen.storyboard;
			sourceTree = "<group>";
		};
/* End PBXVariantGroup section */

/* Begin XCBuildConfiguration section */
		C609354C1D960BA400FF2911 /* Debug */ = {
			isa = XCBuildConfiguration;
			buildSettings = {
				ALWAYS_SEARCH_USER_PATHS = NO;
				CLANG_ANALYZER_NONNULL = YES;
				CLANG_CXX_LANGUAGE_STANDARD = "gnu++0x";
				CLANG_CXX_LIBRARY = "libc++";
				CLANG_ENABLE_MODULES = YES;
				CLANG_ENABLE_OBJC_ARC = YES;
				CLANG_WARN_BOOL_CONVERSION = YES;
				CLANG_WARN_CONSTANT_CONVERSION = YES;
				CLANG_WARN_DIRECT_OBJC_ISA_USAGE = YES_ERROR;
				CLANG_WARN_EMPTY_BODY = YES;
				CLANG_WARN_ENUM_CONVERSION = YES;
				CLANG_WARN_INFINITE_RECURSION = YES;
				CLANG_WARN_INT_CONVERSION = YES;
				CLANG_WARN_OBJC_ROOT_CLASS = YES_ERROR;
				CLANG_WARN_SUSPICIOUS_MOVE = YES;
				CLANG_WARN_UNREACHABLE_CODE = YES;
				CLANG_WARN__DUPLICATE_METHOD_MATCH = YES;
				"CODE_SIGN_IDENTITY[sdk=iphoneos*]" = "iPhone Developer";
				COPY_PHASE_STRIP = NO;
				DEBUG_INFORMATION_FORMAT = dwarf;
				ENABLE_STRICT_OBJC_MSGSEND = YES;
				ENABLE_TESTABILITY = YES;
				GCC_C_LANGUAGE_STANDARD = gnu99;
				GCC_DYNAMIC_NO_PIC = NO;
				GCC_NO_COMMON_BLOCKS = YES;
				GCC_OPTIMIZATION_LEVEL = 0;
				GCC_PREPROCESSOR_DEFINITIONS = (
					"DEBUG=1",
					"$(inherited)",
				);
				GCC_WARN_64_TO_32_BIT_CONVERSION = YES;
				GCC_WARN_ABOUT_RETURN_TYPE = YES_ERROR;
				GCC_WARN_UNDECLARED_SELECTOR = YES;
				GCC_WARN_UNINITIALIZED_AUTOS = YES_AGGRESSIVE;
				GCC_WARN_UNUSED_FUNCTION = YES;
				GCC_WARN_UNUSED_VARIABLE = YES;
				IPHONEOS_DEPLOYMENT_TARGET = 9.3;
				MTL_ENABLE_DEBUG_INFO = YES;
				ONLY_ACTIVE_ARCH = YES;
				SDKROOT = iphoneos;
			};
			name = Debug;
		};
		C609354D1D960BA400FF2911 /* Release */ = {
			isa = XCBuildConfiguration;
			buildSettings = {
				ALWAYS_SEARCH_USER_PATHS = NO;
				CLANG_ANALYZER_NONNULL = YES;
				CLANG_CXX_LANGUAGE_STANDARD = "gnu++0x";
				CLANG_CXX_LIBRARY = "libc++";
				CLANG_ENABLE_MODULES = YES;
				CLANG_ENABLE_OBJC_ARC = YES;
				CLANG_WARN_BOOL_CONVERSION = YES;
				CLANG_WARN_CONSTANT_CONVERSION = YES;
				CLANG_WARN_DIRECT_OBJC_ISA_USAGE = YES_ERROR;
				CLANG_WARN_EMPTY_BODY = YES;
				CLANG_WARN_ENUM_CONVERSION = YES;
				CLANG_WARN_INFINITE_RECURSION = YES;
				CLANG_WARN_INT_CONVERSION = YES;
				CLANG_WARN_OBJC_ROOT_CLASS = YES_ERROR;
				CLANG_WARN_SUSPICIOUS_MOVE = YES;
				CLANG_WARN_UNREACHABLE_CODE = YES;
				CLANG_WARN__DUPLICATE_METHOD_MATCH = YES;
				"CODE_SIGN_IDENTITY[sdk=iphoneos*]" = "iPhone Developer";
				COPY_PHASE_STRIP = NO;
				DEBUG_INFORMATION_FORMAT = "dwarf-with-dsym";
				ENABLE_NS_ASSERTIONS = NO;
				ENABLE_STRICT_OBJC_MSGSEND = YES;
				GCC_C_LANGUAGE_STANDARD = gnu99;
				GCC_NO_COMMON_BLOCKS = YES;
				GCC_WARN_64_TO_32_BIT_CONVERSION = YES;
				GCC_WARN_ABOUT_RETURN_TYPE = YES_ERROR;
				GCC_WARN_UNDECLARED_SELECTOR = YES;
				GCC_WARN_UNINITIALIZED_AUTOS = YES_AGGRESSIVE;
				GCC_WARN_UNUSED_FUNCTION = YES;
				GCC_WARN_UNUSED_VARIABLE = YES;
				IPHONEOS_DEPLOYMENT_TARGET = 9.3;
				MTL_ENABLE_DEBUG_INFO = NO;
				SDKROOT = iphoneos;
				VALIDATE_PRODUCT = YES;
			};
			name = Release;
		};
		C609354F1D960BA400FF2911 /* Debug */ = {
			isa = XCBuildConfiguration;
			buildSettings = {
				ASSETCATALOG_COMPILER_APPICON_NAME = AppIcon;
				INFOPLIST_FILE = DesignPattern/Info.plist;
				LD_RUNPATH_SEARCH_PATHS = "$(inherited) @executable_path/Frameworks";
				PRODUCT_BUNDLE_IDENTIFIER = com.huage.company.DesignPattern;
				PRODUCT_NAME = "$(TARGET_NAME)";
			};
			name = Debug;
		};
		C60935501D960BA400FF2911 /* Release */ = {
			isa = XCBuildConfiguration;
			buildSettings = {
				ASSETCATALOG_COMPILER_APPICON_NAME = AppIcon;
				INFOPLIST_FILE = DesignPattern/Info.plist;
				LD_RUNPATH_SEARCH_PATHS = "$(inherited) @executable_path/Frameworks";
				PRODUCT_BUNDLE_IDENTIFIER = com.huage.company.DesignPattern;
				PRODUCT_NAME = "$(TARGET_NAME)";
			};
			name = Release;
		};
		C60935521D960BA400FF2911 /* Debug */ = {
			isa = XCBuildConfiguration;
			buildSettings = {
				BUNDLE_LOADER = "$(TEST_HOST)";
				INFOPLIST_FILE = DesignPatternTests/Info.plist;
				LD_RUNPATH_SEARCH_PATHS = "$(inherited) @executable_path/Frameworks @loader_path/Frameworks";
				PRODUCT_BUNDLE_IDENTIFIER = com.huage.company.DesignPatternTests;
				PRODUCT_NAME = "$(TARGET_NAME)";
				TEST_HOST = "$(BUILT_PRODUCTS_DIR)/DesignPattern.app/DesignPattern";
			};
			name = Debug;
		};
		C60935531D960BA400FF2911 /* Release */ = {
			isa = XCBuildConfiguration;
			buildSettings = {
				BUNDLE_LOADER = "$(TEST_HOST)";
				INFOPLIST_FILE = DesignPatternTests/Info.plist;
				LD_RUNPATH_SEARCH_PATHS = "$(inherited) @executable_path/Frameworks @loader_path/Frameworks";
				PRODUCT_BUNDLE_IDENTIFIER = com.huage.company.DesignPatternTests;
				PRODUCT_NAME = "$(TARGET_NAME)";
				TEST_HOST = "$(BUILT_PRODUCTS_DIR)/DesignPattern.app/DesignPattern";
			};
			name = Release;
		};
		C60935551D960BA400FF2911 /* Debug */ = {
			isa = XCBuildConfiguration;
			buildSettings = {
				INFOPLIST_FILE = DesignPatternUITests/Info.plist;
				LD_RUNPATH_SEARCH_PATHS = "$(inherited) @executable_path/Frameworks @loader_path/Frameworks";
				PRODUCT_BUNDLE_IDENTIFIER = com.huage.company.DesignPatternUITests;
				PRODUCT_NAME = "$(TARGET_NAME)";
				TEST_TARGET_NAME = DesignPattern;
			};
			name = Debug;
		};
		C60935561D960BA400FF2911 /* Release */ = {
			isa = XCBuildConfiguration;
			buildSettings = {
				INFOPLIST_FILE = DesignPatternUITests/Info.plist;
				LD_RUNPATH_SEARCH_PATHS = "$(inherited) @executable_path/Frameworks @loader_path/Frameworks";
				PRODUCT_BUNDLE_IDENTIFIER = com.huage.company.DesignPatternUITests;
				PRODUCT_NAME = "$(TARGET_NAME)";
				TEST_TARGET_NAME = DesignPattern;
			};
			name = Release;
		};
/* End XCBuildConfiguration section */

/* Begin XCConfigurationList section */
		C609351C1D960BA400FF2911 /* Build configuration list for PBXProject "DesignPattern" */ = {
			isa = XCConfigurationList;
			buildConfigurations = (
				C609354C1D960BA400FF2911 /* Debug */,
				C609354D1D960BA400FF2911 /* Release */,
			);
			defaultConfigurationIsVisible = 0;
			defaultConfigurationName = Release;
		};
		C609354E1D960BA400FF2911 /* Build configuration list for PBXNativeTarget "DesignPattern" */ = {
			isa = XCConfigurationList;
			buildConfigurations = (
				C609354F1D960BA400FF2911 /* Debug */,
				C60935501D960BA400FF2911 /* Release */,
			);
			defaultConfigurationIsVisible = 0;
			defaultConfigurationName = Release;
		};
		C60935511D960BA400FF2911 /* Build configuration list for PBXNativeTarget "DesignPatternTests" */ = {
			isa = XCConfigurationList;
			buildConfigurations = (
				C60935521D960BA400FF2911 /* Debug */,
				C60935531D960BA400FF2911 /* Release */,
			);
			defaultConfigurationIsVisible = 0;
			defaultConfigurationName = Release;
		};
		C60935541D960BA400FF2911 /* Build configuration list for PBXNativeTarget "DesignPatternUITests" */ = {
			isa = XCConfigurationList;
			buildConfigurations = (
				C60935551D960BA400FF2911 /* Debug */,
				C60935561D960BA400FF2911 /* Release */,
			);
			defaultConfigurationIsVisible = 0;
			defaultConfigurationName = Release;
		};
/* End XCConfigurationList section */
	};
	rootObject = C60935191D960BA400FF2911 /* Project object */;
}
