// !$*UTF8*$!
{
	archiveVersion = 1;
	classes = {
	};
	objectVersion = 48;
	objects = {

/* Begin PBXBuildFile section */
		C632D513208EA6A900EAB815 /* main.cpp in Sources */ = {isa = PBXBuildFile; fileRef = C632D512208EA6A900EAB815 /* main.cpp */; };
		C632D522208EAE3E00EAB815 /* SortTestTool.cpp in Sources */ = {isa = PBXBuildFile; fileRef = C632D520208EAE3E00EAB815 /* SortTestTool.cpp */; };
		C64DC56C2095861C0072EBF4 /* selectionSort.cpp in Sources */ = {isa = PBXBuildFile; fileRef = C64DC56A2095861C0072EBF4 /* selectionSort.cpp */; };
		C64DC56F209587D90072EBF4 /* insertionSort.cpp in Sources */ = {isa = PBXBuildFile; fileRef = C64DC56D209587D90072EBF4 /* insertionSort.cpp */; };
		C6BE4BF02097DA5B00159279 /* mergeSort.cpp in Sources */ = {isa = PBXBuildFile; fileRef = C6BE4BEE2097DA5B00159279 /* mergeSort.cpp */; };
/* End PBXBuildFile section */

/* Begin PBXCopyFilesBuildPhase section */
		C632D50D208EA6A900EAB815 /* CopyFiles */ = {
			isa = PBXCopyFilesBuildPhase;
			buildActionMask = 2147483647;
			dstPath = /usr/share/man/man1/;
			dstSubfolderSpec = 0;
			files = (
			);
			runOnlyForDeploymentPostprocessing = 1;
		};
/* End PBXCopyFilesBuildPhase section */

/* Begin PBXFileReference section */
		C632D50F208EA6A900EAB815 /* Algorithm */ = {isa = PBXFileReference; explicitFileType = "compiled.mach-o.executable"; includeInIndex = 0; path = Algorithm; sourceTree = BUILT_PRODUCTS_DIR; };
		C632D512208EA6A900EAB815 /* main.cpp */ = {isa = PBXFileReference; lastKnownFileType = sourcecode.cpp.cpp; path = main.cpp; sourceTree = "<group>"; };
		C632D520208EAE3E00EAB815 /* SortTestTool.cpp */ = {isa = PBXFileReference; lastKnownFileType = sourcecode.cpp.cpp; path = SortTestTool.cpp; sourceTree = "<group>"; };
		C632D521208EAE3E00EAB815 /* SortTestTool.hpp */ = {isa = PBXFileReference; lastKnownFileType = sourcecode.cpp.h; path = SortTestTool.hpp; sourceTree = "<group>"; };
		C64DC56A2095861C0072EBF4 /* selectionSort.cpp */ = {isa = PBXFileReference; lastKnownFileType = sourcecode.cpp.cpp; path = selectionSort.cpp; sourceTree = "<group>"; };
		C64DC56B2095861C0072EBF4 /* selectionSort.hpp */ = {isa = PBXFileReference; lastKnownFileType = sourcecode.cpp.h; path = selectionSort.hpp; sourceTree = "<group>"; };
		C64DC56D209587D90072EBF4 /* insertionSort.cpp */ = {isa = PBXFileReference; lastKnownFileType = sourcecode.cpp.cpp; path = insertionSort.cpp; sourceTree = "<group>"; };
		C64DC56E209587D90072EBF4 /* insertionSort.hpp */ = {isa = PBXFileReference; lastKnownFileType = sourcecode.cpp.h; path = insertionSort.hpp; sourceTree = "<group>"; };
		C6BE4BEE2097DA5B00159279 /* mergeSort.cpp */ = {isa = PBXFileReference; lastKnownFileType = sourcecode.cpp.cpp; path = mergeSort.cpp; sourceTree = "<group>"; };
		C6BE4BEF2097DA5B00159279 /* mergeSort.hpp */ = {isa = PBXFileReference; lastKnownFileType = sourcecode.cpp.h; path = mergeSort.hpp; sourceTree = "<group>"; };
/* End PBXFileReference section */

/* Begin PBXFrameworksBuildPhase section */
		C632D50C208EA6A900EAB815 /* Frameworks */ = {
			isa = PBXFrameworksBuildPhase;
			buildActionMask = 2147483647;
			files = (
			);
			runOnlyForDeploymentPostprocessing = 0;
		};
/* End PBXFrameworksBuildPhase section */

/* Begin PBXGroup section */
		C632D506208EA6A900EAB815 = {
			isa = PBXGroup;
			children = (
				C632D511208EA6A900EAB815 /* Algorithm */,
				C632D510208EA6A900EAB815 /* Products */,
			);
			sourceTree = "<group>";
		};
		C632D510208EA6A900EAB815 /* Products */ = {
			isa = PBXGroup;
			children = (
				C632D50F208EA6A900EAB815 /* Algorithm */,
			);
			name = Products;
			sourceTree = "<group>";
		};
		C632D511208EA6A900EAB815 /* Algorithm */ = {
			isa = PBXGroup;
			children = (
				C632D521208EAE3E00EAB815 /* SortTestTool.hpp */,
				C632D520208EAE3E00EAB815 /* SortTestTool.cpp */,
				C632D512208EA6A900EAB815 /* main.cpp */,
				C64DC569209586000072EBF4 /* sortMethod */,
			);
			path = Algorithm;
			sourceTree = "<group>";
		};
		C64DC569209586000072EBF4 /* sortMethod */ = {
			isa = PBXGroup;
			children = (
				C64DC56D209587D90072EBF4 /* insertionSort.cpp */,
				C64DC56E209587D90072EBF4 /* insertionSort.hpp */,
				C64DC56A2095861C0072EBF4 /* selectionSort.cpp */,
				C64DC56B2095861C0072EBF4 /* selectionSort.hpp */,
				C6BE4BEE2097DA5B00159279 /* mergeSort.cpp */,
				C6BE4BEF2097DA5B00159279 /* mergeSort.hpp */,
			);
			path = sortMethod;
			sourceTree = "<group>";
		};
/* End PBXGroup section */

/* Begin PBXNativeTarget section */
		C632D50E208EA6A900EAB815 /* Algorithm */ = {
			isa = PBXNativeTarget;
			buildConfigurationList = C632D516208EA6A900EAB815 /* Build configuration list for PBXNativeTarget "Algorithm" */;
			buildPhases = (
				C632D50B208EA6A900EAB815 /* Sources */,
				C632D50C208EA6A900EAB815 /* Frameworks */,
				C632D50D208EA6A900EAB815 /* CopyFiles */,
			);
			buildRules = (
			);
			dependencies = (
			);
			name = Algorithm;
			productName = Algorithm;
			productReference = C632D50F208EA6A900EAB815 /* Algorithm */;
			productType = "com.apple.product-type.tool";
		};
/* End PBXNativeTarget section */

/* Begin PBXProject section */
		C632D507208EA6A900EAB815 /* Project object */ = {
			isa = PBXProject;
			attributes = {
				LastUpgradeCheck = 0920;
				ORGANIZATIONNAME = huage;
				TargetAttributes = {
					C632D50E208EA6A900EAB815 = {
						CreatedOnToolsVersion = 9.2;
						ProvisioningStyle = Automatic;
					};
				};
			};
			buildConfigurationList = C632D50A208EA6A900EAB815 /* Build configuration list for PBXProject "Algorithm" */;
			compatibilityVersion = "Xcode 8.0";
			developmentRegion = en;
			hasScannedForEncodings = 0;
			knownRegions = (
				en,
			);
			mainGroup = C632D506208EA6A900EAB815;
			productRefGroup = C632D510208EA6A900EAB815 /* Products */;
			projectDirPath = "";
			projectRoot = "";
			targets = (
				C632D50E208EA6A900EAB815 /* Algorithm */,
			);
		};
/* End PBXProject section */

/* Begin PBXSourcesBuildPhase section */
		C632D50B208EA6A900EAB815 /* Sources */ = {
			isa = PBXSourcesBuildPhase;
			buildActionMask = 2147483647;
			files = (
				C6BE4BF02097DA5B00159279 /* mergeSort.cpp in Sources */,
				C64DC56C2095861C0072EBF4 /* selectionSort.cpp in Sources */,
				C64DC56F209587D90072EBF4 /* insertionSort.cpp in Sources */,
				C632D513208EA6A900EAB815 /* main.cpp in Sources */,
				C632D522208EAE3E00EAB815 /* SortTestTool.cpp in Sources */,
			);
			runOnlyForDeploymentPostprocessing = 0;
		};
/* End PBXSourcesBuildPhase section */

/* Begin XCBuildConfiguration section */
		C632D514208EA6A900EAB815 /* Debug */ = {
			isa = XCBuildConfiguration;
			buildSettings = {
				ALWAYS_SEARCH_USER_PATHS = NO;
				CLANG_ANALYZER_NONNULL = YES;
				CLANG_ANALYZER_NUMBER_OBJECT_CONVERSION = YES_AGGRESSIVE;
				CLANG_CXX_LANGUAGE_STANDARD = "gnu++14";
				CLANG_CXX_LIBRARY = "libc++";
				CLANG_ENABLE_MODULES = YES;
				CLANG_ENABLE_OBJC_ARC = YES;
				CLANG_WARN_BLOCK_CAPTURE_AUTORELEASING = YES;
				CLANG_WARN_BOOL_CONVERSION = YES;
				CLANG_WARN_COMMA = YES;
				CLANG_WARN_CONSTANT_CONVERSION = YES;
				CLANG_WARN_DIRECT_OBJC_ISA_USAGE = YES_ERROR;
				CLANG_WARN_DOCUMENTATION_COMMENTS = YES;
				CLANG_WARN_EMPTY_BODY = YES;
				CLANG_WARN_ENUM_CONVERSION = YES;
				CLANG_WARN_INFINITE_RECURSION = YES;
				CLANG_WARN_INT_CONVERSION = YES;
				CLANG_WARN_NON_LITERAL_NULL_CONVERSION = YES;
				CLANG_WARN_OBJC_LITERAL_CONVERSION = YES;
				CLANG_WARN_OBJC_ROOT_CLASS = YES_ERROR;
				CLANG_WARN_RANGE_LOOP_ANALYSIS = YES;
				CLANG_WARN_STRICT_PROTOTYPES = YES;
				CLANG_WARN_SUSPICIOUS_MOVE = YES;
				CLANG_WARN_UNGUARDED_AVAILABILITY = YES_AGGRESSIVE;
				CLANG_WARN_UNREACHABLE_CODE = YES;
				CLANG_WARN__DUPLICATE_METHOD_MATCH = YES;
				CODE_SIGN_IDENTITY = "Mac Developer";
				COPY_PHASE_STRIP = NO;
				DEBUG_INFORMATION_FORMAT = dwarf;
				ENABLE_STRICT_OBJC_MSGSEND = YES;
				ENABLE_TESTABILITY = YES;
				GCC_C_LANGUAGE_STANDARD = gnu11;
				GCC_DYNAMIC_NO_PIC = NO;
				GCC_NO_COMMON_BLOCKS = YES;
				GCC_OPTIMIZATION_LEVEL = 0;
				GCC_PREPROCESSOR_DEFINITIONS = (
					"DEBUG=1",
					"$(inherited)",
				);
				GCC_WARN_64_TO_32_BIT_CONVERSION = YES;
				GCC_WARN_ABOUT_RETURN_TYPE = YES_ERROR;
				GCC_WARN_UNDECLARED_SELECTOR = YES;
				GCC_WARN_UNINITIALIZED_AUTOS = YES_AGGRESSIVE;
				GCC_WARN_UNUSED_FUNCTION = YES;
				GCC_WARN_UNUSED_VARIABLE = YES;
				MACOSX_DEPLOYMENT_TARGET = 10.13;
				MTL_ENABLE_DEBUG_INFO = YES;
				ONLY_ACTIVE_ARCH = YES;
				SDKROOT = macosx;
			};
			name = Debug;
		};
		C632D515208EA6A900EAB815 /* Release */ = {
			isa = XCBuildConfiguration;
			buildSettings = {
				ALWAYS_SEARCH_USER_PATHS = NO;
				CLANG_ANALYZER_NONNULL = YES;
				CLANG_ANALYZER_NUMBER_OBJECT_CONVERSION = YES_AGGRESSIVE;
				CLANG_CXX_LANGUAGE_STANDARD = "gnu++14";
				CLANG_CXX_LIBRARY = "libc++";
				CLANG_ENABLE_MODULES = YES;
				CLANG_ENABLE_OBJC_ARC = YES;
				CLANG_WARN_BLOCK_CAPTURE_AUTORELEASING = YES;
				CLANG_WARN_BOOL_CONVERSION = YES;
				CLANG_WARN_COMMA = YES;
				CLANG_WARN_CONSTANT_CONVERSION = YES;
				CLANG_WARN_DIRECT_OBJC_ISA_USAGE = YES_ERROR;
				CLANG_WARN_DOCUMENTATION_COMMENTS = YES;
				CLANG_WARN_EMPTY_BODY = YES;
				CLANG_WARN_ENUM_CONVERSION = YES;
				CLANG_WARN_INFINITE_RECURSION = YES;
				CLANG_WARN_INT_CONVERSION = YES;
				CLANG_WARN_NON_LITERAL_NULL_CONVERSION = YES;
				CLANG_WARN_OBJC_LITERAL_CONVERSION = YES;
				CLANG_WARN_OBJC_ROOT_CLASS = YES_ERROR;
				CLANG_WARN_RANGE_LOOP_ANALYSIS = YES;
				CLANG_WARN_STRICT_PROTOTYPES = YES;
				CLANG_WARN_SUSPICIOUS_MOVE = YES;
				CLANG_WARN_UNGUARDED_AVAILABILITY = YES_AGGRESSIVE;
				CLANG_WARN_UNREACHABLE_CODE = YES;
				CLANG_WARN__DUPLICATE_METHOD_MATCH = YES;
				CODE_SIGN_IDENTITY = "Mac Developer";
				COPY_PHASE_STRIP = NO;
				DEBUG_INFORMATION_FORMAT = "dwarf-with-dsym";
				ENABLE_NS_ASSERTIONS = NO;
				ENABLE_STRICT_OBJC_MSGSEND = YES;
				GCC_C_LANGUAGE_STANDARD = gnu11;
				GCC_NO_COMMON_BLOCKS = YES;
				GCC_WARN_64_TO_32_BIT_CONVERSION = YES;
				GCC_WARN_ABOUT_RETURN_TYPE = YES_ERROR;
				GCC_WARN_UNDECLARED_SELECTOR = YES;
				GCC_WARN_UNINITIALIZED_AUTOS = YES_AGGRESSIVE;
				GCC_WARN_UNUSED_FUNCTION = YES;
				GCC_WARN_UNUSED_VARIABLE = YES;
				MACOSX_DEPLOYMENT_TARGET = 10.13;
				MTL_ENABLE_DEBUG_INFO = NO;
				SDKROOT = macosx;
			};
			name = Release;
		};
		C632D517208EA6A900EAB815 /* Debug */ = {
			isa = XCBuildConfiguration;
			buildSettings = {
				CLANG_CXX_LIBRARY = "libc++";
				CODE_SIGN_STYLE = Automatic;
				DEVELOPMENT_TEAM = 95CKJLU234;
				PRODUCT_NAME = "$(TARGET_NAME)";
			};
			name = Debug;
		};
		C632D518208EA6A900EAB815 /* Release */ = {
			isa = XCBuildConfiguration;
			buildSettings = {
				CLANG_CXX_LIBRARY = "libc++";
				CODE_SIGN_STYLE = Automatic;
				DEVELOPMENT_TEAM = 95CKJLU234;
				PRODUCT_NAME = "$(TARGET_NAME)";
			};
			name = Release;
		};
/* End XCBuildConfiguration section */

/* Begin XCConfigurationList section */
		C632D50A208EA6A900EAB815 /* Build configuration list for PBXProject "Algorithm" */ = {
			isa = XCConfigurationList;
			buildConfigurations = (
				C632D514208EA6A900EAB815 /* Debug */,
				C632D515208EA6A900EAB815 /* Release */,
			);
			defaultConfigurationIsVisible = 0;
			defaultConfigurationName = Release;
		};
		C632D516208EA6A900EAB815 /* Build configuration list for PBXNativeTarget "Algorithm" */ = {
			isa = XCConfigurationList;
			buildConfigurations = (
				C632D517208EA6A900EAB815 /* Debug */,
				C632D518208EA6A900EAB815 /* Release */,
			);
			defaultConfigurationIsVisible = 0;
			defaultConfigurationName = Release;
		};
/* End XCConfigurationList section */
	};
	rootObject = C632D507208EA6A900EAB815 /* Project object */;
}
