// !$*UTF8*$!
{
	archiveVersion = 1;
	classes = {
	};
	objectVersion = 48;
	objects = {

/* Begin PBXBuildFile section */
		03F005E0BD08EAC2C338ED6D /* Pods_LTMovableCellTableView.framework in Frameworks */ = {isa = PBXBuildFile; fileRef = 65EAE0E3B01E8C9C05A1BE17 /* Pods_LTMovableCellTableView.framework */; };
		C67EB61E1FE8B220007012F1 /* TableViewCell.m in Sources */ = {isa = PBXBuildFile; fileRef = C67EB61D1FE8B220007012F1 /* TableViewCell.m */; };
		C67EB6211FE8BC32007012F1 /* HomeViewController.m in Sources */ = {isa = PBXBuildFile; fileRef = C67EB6201FE8BC32007012F1 /* HomeViewController.m */; };
		C67EB6241FE8BCC3007012F1 /* UIAlertView+RWBlock.m in Sources */ = {isa = PBXBuildFile; fileRef = C67EB6221FE8BCC2007012F1 /* UIAlertView+RWBlock.m */; };
		C67EB6271FE8BE84007012F1 /* UIView+Snapshot.m in Sources */ = {isa = PBXBuildFile; fileRef = C67EB6261FE8BE84007012F1 /* UIView+Snapshot.m */; };
		C67EB62A1FE92440007012F1 /* CollectionViewCell.m in Sources */ = {isa = PBXBuildFile; fileRef = C67EB6291FE92440007012F1 /* CollectionViewCell.m */; };
		C6A25E5C1FE7A924002B9CFB /* AppDelegate.m in Sources */ = {isa = PBXBuildFile; fileRef = C6A25E5B1FE7A924002B9CFB /* AppDelegate.m */; };
		C6A25E621FE7A924002B9CFB /* Main.storyboard in Resources */ = {isa = PBXBuildFile; fileRef = C6A25E601FE7A924002B9CFB /* Main.storyboard */; };
		C6A25E641FE7A924002B9CFB /* Assets.xcassets in Resources */ = {isa = PBXBuildFile; fileRef = C6A25E631FE7A924002B9CFB /* Assets.xcassets */; };
		C6A25E671FE7A924002B9CFB /* LaunchScreen.storyboard in Resources */ = {isa = PBXBuildFile; fileRef = C6A25E651FE7A924002B9CFB /* LaunchScreen.storyboard */; };
		C6A25E6A1FE7A924002B9CFB /* main.m in Sources */ = {isa = PBXBuildFile; fileRef = C6A25E691FE7A924002B9CFB /* main.m */; };
		C6A25E741FE7A924002B9CFB /* LTMovableCellTableViewTests.m in Sources */ = {isa = PBXBuildFile; fileRef = C6A25E731FE7A924002B9CFB /* LTMovableCellTableViewTests.m */; };
		C6A25E7F1FE7A924002B9CFB /* LTMovableCellTableViewUITests.m in Sources */ = {isa = PBXBuildFile; fileRef = C6A25E7E1FE7A924002B9CFB /* LTMovableCellTableViewUITests.m */; };
/* End PBXBuildFile section */

/* Begin PBXContainerItemProxy section */
		C6A25E701FE7A924002B9CFB /* PBXContainerItemProxy */ = {
			isa = PBXContainerItemProxy;
			containerPortal = C6A25E4F1FE7A924002B9CFB /* Project object */;
			proxyType = 1;
			remoteGlobalIDString = C6A25E561FE7A924002B9CFB;
			remoteInfo = LTMovableCellTableView;
		};
		C6A25E7B1FE7A924002B9CFB /* PBXContainerItemProxy */ = {
			isa = PBXContainerItemProxy;
			containerPortal = C6A25E4F1FE7A924002B9CFB /* Project object */;
			proxyType = 1;
			remoteGlobalIDString = C6A25E561FE7A924002B9CFB;
			remoteInfo = LTMovableCellTableView;
		};
/* End PBXContainerItemProxy section */

/* Begin PBXFileReference section */
		4DA9D71C37BAFAB271DFC298 /* Pods-LTMovableCellTableView.release.xcconfig */ = {isa = PBXFileReference; includeInIndex = 1; lastKnownFileType = text.xcconfig; name = "Pods-LTMovableCellTableView.release.xcconfig"; path = "Pods/Target Support Files/Pods-LTMovableCellTableView/Pods-LTMovableCellTableView.release.xcconfig"; sourceTree = "<group>"; };
		61A91ADC762E2AC618F5BB66 /* Pods-LTMovableCellTableView.debug.xcconfig */ = {isa = PBXFileReference; includeInIndex = 1; lastKnownFileType = text.xcconfig; name = "Pods-LTMovableCellTableView.debug.xcconfig"; path = "Pods/Target Support Files/Pods-LTMovableCellTableView/Pods-LTMovableCellTableView.debug.xcconfig"; sourceTree = "<group>"; };
		65EAE0E3B01E8C9C05A1BE17 /* Pods_LTMovableCellTableView.framework */ = {isa = PBXFileReference; explicitFileType = wrapper.framework; includeInIndex = 0; path = Pods_LTMovableCellTableView.framework; sourceTree = BUILT_PRODUCTS_DIR; };
		C67EB61C1FE8B220007012F1 /* TableViewCell.h */ = {isa = PBXFileReference; lastKnownFileType = sourcecode.c.h; path = TableViewCell.h; sourceTree = "<group>"; };
		C67EB61D1FE8B220007012F1 /* TableViewCell.m */ = {isa = PBXFileReference; lastKnownFileType = sourcecode.c.objc; path = TableViewCell.m; sourceTree = "<group>"; };
		C67EB61F1FE8BC32007012F1 /* HomeViewController.h */ = {isa = PBXFileReference; lastKnownFileType = sourcecode.c.h; path = HomeViewController.h; sourceTree = "<group>"; };
		C67EB6201FE8BC32007012F1 /* HomeViewController.m */ = {isa = PBXFileReference; lastKnownFileType = sourcecode.c.objc; path = HomeViewController.m; sourceTree = "<group>"; };
		C67EB6221FE8BCC2007012F1 /* UIAlertView+RWBlock.m */ = {isa = PBXFileReference; fileEncoding = 4; lastKnownFileType = sourcecode.c.objc; path = "UIAlertView+RWBlock.m"; sourceTree = "<group>"; };
		C67EB6231FE8BCC2007012F1 /* UIAlertView+RWBlock.h */ = {isa = PBXFileReference; fileEncoding = 4; lastKnownFileType = sourcecode.c.h; path = "UIAlertView+RWBlock.h"; sourceTree = "<group>"; };
		C67EB6251FE8BE84007012F1 /* UIView+Snapshot.h */ = {isa = PBXFileReference; lastKnownFileType = sourcecode.c.h; path = "UIView+Snapshot.h"; sourceTree = "<group>"; };
		C67EB6261FE8BE84007012F1 /* UIView+Snapshot.m */ = {isa = PBXFileReference; lastKnownFileType = sourcecode.c.objc; path = "UIView+Snapshot.m"; sourceTree = "<group>"; };
		C67EB6281FE92440007012F1 /* CollectionViewCell.h */ = {isa = PBXFileReference; lastKnownFileType = sourcecode.c.h; path = CollectionViewCell.h; sourceTree = "<group>"; };
		C67EB6291FE92440007012F1 /* CollectionViewCell.m */ = {isa = PBXFileReference; lastKnownFileType = sourcecode.c.objc; path = CollectionViewCell.m; sourceTree = "<group>"; };
		C6A25E571FE7A924002B9CFB /* LTMovableCellTableView.app */ = {isa = PBXFileReference; explicitFileType = wrapper.application; includeInIndex = 0; path = LTMovableCellTableView.app; sourceTree = BUILT_PRODUCTS_DIR; };
		C6A25E5A1FE7A924002B9CFB /* AppDelegate.h */ = {isa = PBXFileReference; lastKnownFileType = sourcecode.c.h; path = AppDelegate.h; sourceTree = "<group>"; };
		C6A25E5B1FE7A924002B9CFB /* AppDelegate.m */ = {isa = PBXFileReference; lastKnownFileType = sourcecode.c.objc; path = AppDelegate.m; sourceTree = "<group>"; };
		C6A25E611FE7A924002B9CFB /* Base */ = {isa = PBXFileReference; lastKnownFileType = file.storyboard; name = Base; path = Base.lproj/Main.storyboard; sourceTree = "<group>"; };
		C6A25E631FE7A924002B9CFB /* Assets.xcassets */ = {isa = PBXFileReference; lastKnownFileType = folder.assetcatalog; path = Assets.xcassets; sourceTree = "<group>"; };
		C6A25E661FE7A924002B9CFB /* Base */ = {isa = PBXFileReference; lastKnownFileType = file.storyboard; name = Base; path = Base.lproj/LaunchScreen.storyboard; sourceTree = "<group>"; };
		C6A25E681FE7A924002B9CFB /* Info.plist */ = {isa = PBXFileReference; lastKnownFileType = text.plist.xml; path = Info.plist; sourceTree = "<group>"; };
		C6A25E691FE7A924002B9CFB /* main.m */ = {isa = PBXFileReference; lastKnownFileType = sourcecode.c.objc; path = main.m; sourceTree = "<group>"; };
		C6A25E6F1FE7A924002B9CFB /* LTMovableCellTableViewTests.xctest */ = {isa = PBXFileReference; explicitFileType = wrapper.cfbundle; includeInIndex = 0; path = LTMovableCellTableViewTests.xctest; sourceTree = BUILT_PRODUCTS_DIR; };
		C6A25E731FE7A924002B9CFB /* LTMovableCellTableViewTests.m */ = {isa = PBXFileReference; lastKnownFileType = sourcecode.c.objc; path = LTMovableCellTableViewTests.m; sourceTree = "<group>"; };
		C6A25E751FE7A924002B9CFB /* Info.plist */ = {isa = PBXFileReference; lastKnownFileType = text.plist.xml; path = Info.plist; sourceTree = "<group>"; };
		C6A25E7A1FE7A924002B9CFB /* LTMovableCellTableViewUITests.xctest */ = {isa = PBXFileReference; explicitFileType = wrapper.cfbundle; includeInIndex = 0; path = LTMovableCellTableViewUITests.xctest; sourceTree = BUILT_PRODUCTS_DIR; };
		C6A25E7E1FE7A924002B9CFB /* LTMovableCellTableViewUITests.m */ = {isa = PBXFileReference; lastKnownFileType = sourcecode.c.objc; path = LTMovableCellTableViewUITests.m; sourceTree = "<group>"; };
		C6A25E801FE7A924002B9CFB /* Info.plist */ = {isa = PBXFileReference; lastKnownFileType = text.plist.xml; path = Info.plist; sourceTree = "<group>"; };
/* End PBXFileReference section */

/* Begin PBXFrameworksBuildPhase section */
		C6A25E541FE7A924002B9CFB /* Frameworks */ = {
			isa = PBXFrameworksBuildPhase;
			buildActionMask = 2147483647;
			files = (
				03F005E0BD08EAC2C338ED6D /* Pods_LTMovableCellTableView.framework in Frameworks */,
			);
			runOnlyForDeploymentPostprocessing = 0;
		};
		C6A25E6C1FE7A924002B9CFB /* Frameworks */ = {
			isa = PBXFrameworksBuildPhase;
			buildActionMask = 2147483647;
			files = (
			);
			runOnlyForDeploymentPostprocessing = 0;
		};
		C6A25E771FE7A924002B9CFB /* Frameworks */ = {
			isa = PBXFrameworksBuildPhase;
			buildActionMask = 2147483647;
			files = (
			);
			runOnlyForDeploymentPostprocessing = 0;
		};
/* End PBXFrameworksBuildPhase section */

/* Begin PBXGroup section */
		B9B987A150236C0D1229C2A4 /* Pods */ = {
			isa = PBXGroup;
			children = (
				61A91ADC762E2AC618F5BB66 /* Pods-LTMovableCellTableView.debug.xcconfig */,
				4DA9D71C37BAFAB271DFC298 /* Pods-LTMovableCellTableView.release.xcconfig */,
			);
			name = Pods;
			sourceTree = "<group>";
		};
		C6A25E4E1FE7A924002B9CFB = {
			isa = PBXGroup;
			children = (
				C6A25E591FE7A924002B9CFB /* LTMovableCellTableView */,
				C6A25E721FE7A924002B9CFB /* LTMovableCellTableViewTests */,
				C6A25E7D1FE7A924002B9CFB /* LTMovableCellTableViewUITests */,
				C6A25E581FE7A924002B9CFB /* Products */,
				B9B987A150236C0D1229C2A4 /* Pods */,
				E6A6580ABDEF6B8EB6279DC4 /* Frameworks */,
			);
			sourceTree = "<group>";
		};
		C6A25E581FE7A924002B9CFB /* Products */ = {
			isa = PBXGroup;
			children = (
				C6A25E571FE7A924002B9CFB /* LTMovableCellTableView.app */,
				C6A25E6F1FE7A924002B9CFB /* LTMovableCellTableViewTests.xctest */,
				C6A25E7A1FE7A924002B9CFB /* LTMovableCellTableViewUITests.xctest */,
			);
			name = Products;
			sourceTree = "<group>";
		};
		C6A25E591FE7A924002B9CFB /* LTMovableCellTableView */ = {
			isa = PBXGroup;
			children = (
				C6A25E5A1FE7A924002B9CFB /* AppDelegate.h */,
				C6A25E5B1FE7A924002B9CFB /* AppDelegate.m */,
				C67EB61F1FE8BC32007012F1 /* HomeViewController.h */,
				C67EB6201FE8BC32007012F1 /* HomeViewController.m */,
				C67EB6281FE92440007012F1 /* CollectionViewCell.h */,
				C67EB6291FE92440007012F1 /* CollectionViewCell.m */,
				C67EB6251FE8BE84007012F1 /* UIView+Snapshot.h */,
				C67EB6261FE8BE84007012F1 /* UIView+Snapshot.m */,
				C67EB6231FE8BCC2007012F1 /* UIAlertView+RWBlock.h */,
				C67EB6221FE8BCC2007012F1 /* UIAlertView+RWBlock.m */,
				C67EB61C1FE8B220007012F1 /* TableViewCell.h */,
				C67EB61D1FE8B220007012F1 /* TableViewCell.m */,
				C6A25E601FE7A924002B9CFB /* Main.storyboard */,
				C6A25E631FE7A924002B9CFB /* Assets.xcassets */,
				C6A25E651FE7A924002B9CFB /* LaunchScreen.storyboard */,
				C6A25E681FE7A924002B9CFB /* Info.plist */,
				C6A25E691FE7A924002B9CFB /* main.m */,
			);
			path = LTMovableCellTableView;
			sourceTree = "<group>";
		};
		C6A25E721FE7A924002B9CFB /* LTMovableCellTableViewTests */ = {
			isa = PBXGroup;
			children = (
				C6A25E731FE7A924002B9CFB /* LTMovableCellTableViewTests.m */,
				C6A25E751FE7A924002B9CFB /* Info.plist */,
			);
			path = LTMovableCellTableViewTests;
			sourceTree = "<group>";
		};
		C6A25E7D1FE7A924002B9CFB /* LTMovableCellTableViewUITests */ = {
			isa = PBXGroup;
			children = (
				C6A25E7E1FE7A924002B9CFB /* LTMovableCellTableViewUITests.m */,
				C6A25E801FE7A924002B9CFB /* Info.plist */,
			);
			path = LTMovableCellTableViewUITests;
			sourceTree = "<group>";
		};
		E6A6580ABDEF6B8EB6279DC4 /* Frameworks */ = {
			isa = PBXGroup;
			children = (
				65EAE0E3B01E8C9C05A1BE17 /* Pods_LTMovableCellTableView.framework */,
			);
			name = Frameworks;
			sourceTree = "<group>";
		};
/* End PBXGroup section */

/* Begin PBXNativeTarget section */
		C6A25E561FE7A924002B9CFB /* LTMovableCellTableView */ = {
			isa = PBXNativeTarget;
			buildConfigurationList = C6A25E831FE7A924002B9CFB /* Build configuration list for PBXNativeTarget "LTMovableCellTableView" */;
			buildPhases = (
				08C73AF56DDECF1A378AF77A /* [CP] Check Pods Manifest.lock */,
				C6A25E531FE7A924002B9CFB /* Sources */,
				C6A25E541FE7A924002B9CFB /* Frameworks */,
				C6A25E551FE7A924002B9CFB /* Resources */,
				275045A3EDECB9975DF591A3 /* [CP] Embed Pods Frameworks */,
				B3B9275AE7DEC5122CCE9561 /* [CP] Copy Pods Resources */,
			);
			buildRules = (
			);
			dependencies = (
			);
			name = LTMovableCellTableView;
			productName = LTMovableCellTableView;
			productReference = C6A25E571FE7A924002B9CFB /* LTMovableCellTableView.app */;
			productType = "com.apple.product-type.application";
		};
		C6A25E6E1FE7A924002B9CFB /* LTMovableCellTableViewTests */ = {
			isa = PBXNativeTarget;
			buildConfigurationList = C6A25E861FE7A924002B9CFB /* Build configuration list for PBXNativeTarget "LTMovableCellTableViewTests" */;
			buildPhases = (
				C6A25E6B1FE7A924002B9CFB /* Sources */,
				C6A25E6C1FE7A924002B9CFB /* Frameworks */,
				C6A25E6D1FE7A924002B9CFB /* Resources */,
			);
			buildRules = (
			);
			dependencies = (
				C6A25E711FE7A924002B9CFB /* PBXTargetDependency */,
			);
			name = LTMovableCellTableViewTests;
			productName = LTMovableCellTableViewTests;
			productReference = C6A25E6F1FE7A924002B9CFB /* LTMovableCellTableViewTests.xctest */;
			productType = "com.apple.product-type.bundle.unit-test";
		};
		C6A25E791FE7A924002B9CFB /* LTMovableCellTableViewUITests */ = {
			isa = PBXNativeTarget;
			buildConfigurationList = C6A25E891FE7A924002B9CFB /* Build configuration list for PBXNativeTarget "LTMovableCellTableViewUITests" */;
			buildPhases = (
				C6A25E761FE7A924002B9CFB /* Sources */,
				C6A25E771FE7A924002B9CFB /* Frameworks */,
				C6A25E781FE7A924002B9CFB /* Resources */,
			);
			buildRules = (
			);
			dependencies = (
				C6A25E7C1FE7A924002B9CFB /* PBXTargetDependency */,
			);
			name = LTMovableCellTableViewUITests;
			productName = LTMovableCellTableViewUITests;
			productReference = C6A25E7A1FE7A924002B9CFB /* LTMovableCellTableViewUITests.xctest */;
			productType = "com.apple.product-type.bundle.ui-testing";
		};
/* End PBXNativeTarget section */

/* Begin PBXProject section */
		C6A25E4F1FE7A924002B9CFB /* Project object */ = {
			isa = PBXProject;
			attributes = {
				LastUpgradeCheck = 0920;
				ORGANIZATIONNAME = huage;
				TargetAttributes = {
					C6A25E561FE7A924002B9CFB = {
						CreatedOnToolsVersion = 9.2;
						ProvisioningStyle = Automatic;
					};
					C6A25E6E1FE7A924002B9CFB = {
						CreatedOnToolsVersion = 9.2;
						ProvisioningStyle = Automatic;
						TestTargetID = C6A25E561FE7A924002B9CFB;
					};
					C6A25E791FE7A924002B9CFB = {
						CreatedOnToolsVersion = 9.2;
						ProvisioningStyle = Automatic;
						TestTargetID = C6A25E561FE7A924002B9CFB;
					};
				};
			};
			buildConfigurationList = C6A25E521FE7A924002B9CFB /* Build configuration list for PBXProject "LTMovableCellTableView" */;
			compatibilityVersion = "Xcode 8.0";
			developmentRegion = en;
			hasScannedForEncodings = 0;
			knownRegions = (
				en,
				Base,
			);
			mainGroup = C6A25E4E1FE7A924002B9CFB;
			productRefGroup = C6A25E581FE7A924002B9CFB /* Products */;
			projectDirPath = "";
			projectRoot = "";
			targets = (
				C6A25E561FE7A924002B9CFB /* LTMovableCellTableView */,
				C6A25E6E1FE7A924002B9CFB /* LTMovableCellTableViewTests */,
				C6A25E791FE7A924002B9CFB /* LTMovableCellTableViewUITests */,
			);
		};
/* End PBXProject section */

/* Begin PBXResourcesBuildPhase section */
		C6A25E551FE7A924002B9CFB /* Resources */ = {
			isa = PBXResourcesBuildPhase;
			buildActionMask = 2147483647;
			files = (
				C6A25E671FE7A924002B9CFB /* LaunchScreen.storyboard in Resources */,
				C6A25E641FE7A924002B9CFB /* Assets.xcassets in Resources */,
				C6A25E621FE7A924002B9CFB /* Main.storyboard in Resources */,
			);
			runOnlyForDeploymentPostprocessing = 0;
		};
		C6A25E6D1FE7A924002B9CFB /* Resources */ = {
			isa = PBXResourcesBuildPhase;
			buildActionMask = 2147483647;
			files = (
			);
			runOnlyForDeploymentPostprocessing = 0;
		};
		C6A25E781FE7A924002B9CFB /* Resources */ = {
			isa = PBXResourcesBuildPhase;
			buildActionMask = 2147483647;
			files = (
			);
			runOnlyForDeploymentPostprocessing = 0;
		};
/* End PBXResourcesBuildPhase section */

/* Begin PBXShellScriptBuildPhase section */
		08C73AF56DDECF1A378AF77A /* [CP] Check Pods Manifest.lock */ = {
			isa = PBXShellScriptBuildPhase;
			buildActionMask = 2147483647;
			files = (
			);
			inputPaths = (
				"${PODS_PODFILE_DIR_PATH}/Podfile.lock",
				"${PODS_ROOT}/Manifest.lock",
			);
			name = "[CP] Check Pods Manifest.lock";
			outputPaths = (
				"$(DERIVED_FILE_DIR)/Pods-LTMovableCellTableView-checkManifestLockResult.txt",
			);
			runOnlyForDeploymentPostprocessing = 0;
			shellPath = /bin/sh;
			shellScript = "diff \"${PODS_PODFILE_DIR_PATH}/Podfile.lock\" \"${PODS_ROOT}/Manifest.lock\" > /dev/null\nif [ $? != 0 ] ; then\n    # print error to STDERR\n    echo \"error: The sandbox is not in sync with the Podfile.lock. Run 'pod install' or update your CocoaPods installation.\" >&2\n    exit 1\nfi\n# This output is used by Xcode 'outputs' to avoid re-running this script phase.\necho \"SUCCESS\" > \"${SCRIPT_OUTPUT_FILE_0}\"\n";
			showEnvVarsInLog = 0;
		};
		275045A3EDECB9975DF591A3 /* [CP] Embed Pods Frameworks */ = {
			isa = PBXShellScriptBuildPhase;
			buildActionMask = 2147483647;
			files = (
			);
			inputPaths = (
				"${SRCROOT}/Pods/Target Support Files/Pods-LTMovableCellTableView/Pods-LTMovableCellTableView-frameworks.sh",
				"${BUILT_PRODUCTS_DIR}/Masonry/Masonry.framework",
			);
			name = "[CP] Embed Pods Frameworks";
			outputPaths = (
				"${TARGET_BUILD_DIR}/${FRAMEWORKS_FOLDER_PATH}/Masonry.framework",
			);
			runOnlyForDeploymentPostprocessing = 0;
			shellPath = /bin/sh;
			shellScript = "\"${SRCROOT}/Pods/Target Support Files/Pods-LTMovableCellTableView/Pods-LTMovableCellTableView-frameworks.sh\"\n";
			showEnvVarsInLog = 0;
		};
		B3B9275AE7DEC5122CCE9561 /* [CP] Copy Pods Resources */ = {
			isa = PBXShellScriptBuildPhase;
			buildActionMask = 2147483647;
			files = (
			);
			inputPaths = (
			);
			name = "[CP] Copy Pods Resources";
			outputPaths = (
			);
			runOnlyForDeploymentPostprocessing = 0;
			shellPath = /bin/sh;
			shellScript = "\"${SRCROOT}/Pods/Target Support Files/Pods-LTMovableCellTableView/Pods-LTMovableCellTableView-resources.sh\"\n";
			showEnvVarsInLog = 0;
		};
/* End PBXShellScriptBuildPhase section */

/* Begin PBXSourcesBuildPhase section */
		C6A25E531FE7A924002B9CFB /* Sources */ = {
			isa = PBXSourcesBuildPhase;
			buildActionMask = 2147483647;
			files = (
				C67EB6271FE8BE84007012F1 /* UIView+Snapshot.m in Sources */,
				C6A25E6A1FE7A924002B9CFB /* main.m in Sources */,
				C67EB61E1FE8B220007012F1 /* TableViewCell.m in Sources */,
				C6A25E5C1FE7A924002B9CFB /* AppDelegate.m in Sources */,
				C67EB6241FE8BCC3007012F1 /* UIAlertView+RWBlock.m in Sources */,
				C67EB62A1FE92440007012F1 /* CollectionViewCell.m in Sources */,
				C67EB6211FE8BC32007012F1 /* HomeViewController.m in Sources */,
			);
			runOnlyForDeploymentPostprocessing = 0;
		};
		C6A25E6B1FE7A924002B9CFB /* Sources */ = {
			isa = PBXSourcesBuildPhase;
			buildActionMask = 2147483647;
			files = (
				C6A25E741FE7A924002B9CFB /* LTMovableCellTableViewTests.m in Sources */,
			);
			runOnlyForDeploymentPostprocessing = 0;
		};
		C6A25E761FE7A924002B9CFB /* Sources */ = {
			isa = PBXSourcesBuildPhase;
			buildActionMask = 2147483647;
			files = (
				C6A25E7F1FE7A924002B9CFB /* LTMovableCellTableViewUITests.m in Sources */,
			);
			runOnlyForDeploymentPostprocessing = 0;
		};
/* End PBXSourcesBuildPhase section */

/* Begin PBXTargetDependency section */
		C6A25E711FE7A924002B9CFB /* PBXTargetDependency */ = {
			isa = PBXTargetDependency;
			target = C6A25E561FE7A924002B9CFB /* LTMovableCellTableView */;
			targetProxy = C6A25E701FE7A924002B9CFB /* PBXContainerItemProxy */;
		};
		C6A25E7C1FE7A924002B9CFB /* PBXTargetDependency */ = {
			isa = PBXTargetDependency;
			target = C6A25E561FE7A924002B9CFB /* LTMovableCellTableView */;
			targetProxy = C6A25E7B1FE7A924002B9CFB /* PBXContainerItemProxy */;
		};
/* End PBXTargetDependency section */

/* Begin PBXVariantGroup section */
		C6A25E601FE7A924002B9CFB /* Main.storyboard */ = {
			isa = PBXVariantGroup;
			children = (
				C6A25E611FE7A924002B9CFB /* Base */,
			);
			name = Main.storyboard;
			sourceTree = "<group>";
		};
		C6A25E651FE7A924002B9CFB /* LaunchScreen.storyboard */ = {
			isa = PBXVariantGroup;
			children = (
				C6A25E661FE7A924002B9CFB /* Base */,
			);
			name = LaunchScreen.storyboard;
			sourceTree = "<group>";
		};
/* End PBXVariantGroup section */

/* Begin XCBuildConfiguration section */
		C6A25E811FE7A924002B9CFB /* Debug */ = {
			isa = XCBuildConfiguration;
			buildSettings = {
				ALWAYS_SEARCH_USER_PATHS = NO;
				CLANG_ANALYZER_NONNULL = YES;
				CLANG_ANALYZER_NUMBER_OBJECT_CONVERSION = YES_AGGRESSIVE;
				CLANG_CXX_LANGUAGE_STANDARD = "gnu++14";
				CLANG_CXX_LIBRARY = "libc++";
				CLANG_ENABLE_MODULES = YES;
				CLANG_ENABLE_OBJC_ARC = YES;
				CLANG_WARN_BLOCK_CAPTURE_AUTORELEASING = YES;
				CLANG_WARN_BOOL_CONVERSION = YES;
				CLANG_WARN_COMMA = YES;
				CLANG_WARN_CONSTANT_CONVERSION = YES;
				CLANG_WARN_DIRECT_OBJC_ISA_USAGE = YES_ERROR;
				CLANG_WARN_DOCUMENTATION_COMMENTS = YES;
				CLANG_WARN_EMPTY_BODY = YES;
				CLANG_WARN_ENUM_CONVERSION = YES;
				CLANG_WARN_INFINITE_RECURSION = YES;
				CLANG_WARN_INT_CONVERSION = YES;
				CLANG_WARN_NON_LITERAL_NULL_CONVERSION = YES;
				CLANG_WARN_OBJC_LITERAL_CONVERSION = YES;
				CLANG_WARN_OBJC_ROOT_CLASS = YES_ERROR;
				CLANG_WARN_RANGE_LOOP_ANALYSIS = YES;
				CLANG_WARN_STRICT_PROTOTYPES = YES;
				CLANG_WARN_SUSPICIOUS_MOVE = YES;
				CLANG_WARN_UNGUARDED_AVAILABILITY = YES_AGGRESSIVE;
				CLANG_WARN_UNREACHABLE_CODE = YES;
				CLANG_WARN__DUPLICATE_METHOD_MATCH = YES;
				CODE_SIGN_IDENTITY = "iPhone Developer";
				COPY_PHASE_STRIP = NO;
				DEBUG_INFORMATION_FORMAT = dwarf;
				ENABLE_STRICT_OBJC_MSGSEND = YES;
				ENABLE_TESTABILITY = YES;
				GCC_C_LANGUAGE_STANDARD = gnu11;
				GCC_DYNAMIC_NO_PIC = NO;
				GCC_NO_COMMON_BLOCKS = YES;
				GCC_OPTIMIZATION_LEVEL = 0;
				GCC_PREPROCESSOR_DEFINITIONS = (
					"DEBUG=1",
					"$(inherited)",
				);
				GCC_WARN_64_TO_32_BIT_CONVERSION = YES;
				GCC_WARN_ABOUT_RETURN_TYPE = YES_ERROR;
				GCC_WARN_UNDECLARED_SELECTOR = YES;
				GCC_WARN_UNINITIALIZED_AUTOS = YES_AGGRESSIVE;
				GCC_WARN_UNUSED_FUNCTION = YES;
				GCC_WARN_UNUSED_VARIABLE = YES;
				IPHONEOS_DEPLOYMENT_TARGET = 8.0;
				MTL_ENABLE_DEBUG_INFO = YES;
				ONLY_ACTIVE_ARCH = YES;
				SDKROOT = iphoneos;
			};
			name = Debug;
		};
		C6A25E821FE7A924002B9CFB /* Release */ = {
			isa = XCBuildConfiguration;
			buildSettings = {
				ALWAYS_SEARCH_USER_PATHS = NO;
				CLANG_ANALYZER_NONNULL = YES;
				CLANG_ANALYZER_NUMBER_OBJECT_CONVERSION = YES_AGGRESSIVE;
				CLANG_CXX_LANGUAGE_STANDARD = "gnu++14";
				CLANG_CXX_LIBRARY = "libc++";
				CLANG_ENABLE_MODULES = YES;
				CLANG_ENABLE_OBJC_ARC = YES;
				CLANG_WARN_BLOCK_CAPTURE_AUTORELEASING = YES;
				CLANG_WARN_BOOL_CONVERSION = YES;
				CLANG_WARN_COMMA = YES;
				CLANG_WARN_CONSTANT_CONVERSION = YES;
				CLANG_WARN_DIRECT_OBJC_ISA_USAGE = YES_ERROR;
				CLANG_WARN_DOCUMENTATION_COMMENTS = YES;
				CLANG_WARN_EMPTY_BODY = YES;
				CLANG_WARN_ENUM_CONVERSION = YES;
				CLANG_WARN_INFINITE_RECURSION = YES;
				CLANG_WARN_INT_CONVERSION = YES;
				CLANG_WARN_NON_LITERAL_NULL_CONVERSION = YES;
				CLANG_WARN_OBJC_LITERAL_CONVERSION = YES;
				CLANG_WARN_OBJC_ROOT_CLASS = YES_ERROR;
				CLANG_WARN_RANGE_LOOP_ANALYSIS = YES;
				CLANG_WARN_STRICT_PROTOTYPES = YES;
				CLANG_WARN_SUSPICIOUS_MOVE = YES;
				CLANG_WARN_UNGUARDED_AVAILABILITY = YES_AGGRESSIVE;
				CLANG_WARN_UNREACHABLE_CODE = YES;
				CLANG_WARN__DUPLICATE_METHOD_MATCH = YES;
				CODE_SIGN_IDENTITY = "iPhone Developer";
				COPY_PHASE_STRIP = NO;
				DEBUG_INFORMATION_FORMAT = "dwarf-with-dsym";
				ENABLE_NS_ASSERTIONS = NO;
				ENABLE_STRICT_OBJC_MSGSEND = YES;
				GCC_C_LANGUAGE_STANDARD = gnu11;
				GCC_NO_COMMON_BLOCKS = YES;
				GCC_WARN_64_TO_32_BIT_CONVERSION = YES;
				GCC_WARN_ABOUT_RETURN_TYPE = YES_ERROR;
				GCC_WARN_UNDECLARED_SELECTOR = YES;
				GCC_WARN_UNINITIALIZED_AUTOS = YES_AGGRESSIVE;
				GCC_WARN_UNUSED_FUNCTION = YES;
				GCC_WARN_UNUSED_VARIABLE = YES;
				IPHONEOS_DEPLOYMENT_TARGET = 8.0;
				MTL_ENABLE_DEBUG_INFO = NO;
				SDKROOT = iphoneos;
				VALIDATE_PRODUCT = YES;
			};
			name = Release;
		};
		C6A25E841FE7A924002B9CFB /* Debug */ = {
			isa = XCBuildConfiguration;
			baseConfigurationReference = 61A91ADC762E2AC618F5BB66 /* Pods-LTMovableCellTableView.debug.xcconfig */;
			buildSettings = {
				ASSETCATALOG_COMPILER_APPICON_NAME = AppIcon;
				CODE_SIGN_STYLE = Automatic;
				DEVELOPMENT_TEAM = ZK776JE98H;
				INFOPLIST_FILE = LTMovableCellTableView/Info.plist;
				LD_RUNPATH_SEARCH_PATHS = "$(inherited) @executable_path/Frameworks";
				PRODUCT_BUNDLE_IDENTIFIER = com.huage.company.LTMovableCellTableView;
				PRODUCT_NAME = "$(TARGET_NAME)";
				TARGETED_DEVICE_FAMILY = "1,2";
			};
			name = Debug;
		};
		C6A25E851FE7A924002B9CFB /* Release */ = {
			isa = XCBuildConfiguration;
			baseConfigurationReference = 4DA9D71C37BAFAB271DFC298 /* Pods-LTMovableCellTableView.release.xcconfig */;
			buildSettings = {
				ASSETCATALOG_COMPILER_APPICON_NAME = AppIcon;
				CODE_SIGN_STYLE = Automatic;
				DEVELOPMENT_TEAM = ZK776JE98H;
				INFOPLIST_FILE = LTMovableCellTableView/Info.plist;
				LD_RUNPATH_SEARCH_PATHS = "$(inherited) @executable_path/Frameworks";
				PRODUCT_BUNDLE_IDENTIFIER = com.huage.company.LTMovableCellTableView;
				PRODUCT_NAME = "$(TARGET_NAME)";
				TARGETED_DEVICE_FAMILY = "1,2";
			};
			name = Release;
		};
		C6A25E871FE7A924002B9CFB /* Debug */ = {
			isa = XCBuildConfiguration;
			buildSettings = {
				BUNDLE_LOADER = "$(TEST_HOST)";
				CODE_SIGN_STYLE = Automatic;
				DEVELOPMENT_TEAM = ZK776JE98H;
				INFOPLIST_FILE = LTMovableCellTableViewTests/Info.plist;
				LD_RUNPATH_SEARCH_PATHS = "$(inherited) @executable_path/Frameworks @loader_path/Frameworks";
				PRODUCT_BUNDLE_IDENTIFIER = com.huage.company.LTMovableCellTableViewTests;
				PRODUCT_NAME = "$(TARGET_NAME)";
				TARGETED_DEVICE_FAMILY = "1,2";
				TEST_HOST = "$(BUILT_PRODUCTS_DIR)/LTMovableCellTableView.app/LTMovableCellTableView";
			};
			name = Debug;
		};
		C6A25E881FE7A924002B9CFB /* Release */ = {
			isa = XCBuildConfiguration;
			buildSettings = {
				BUNDLE_LOADER = "$(TEST_HOST)";
				CODE_SIGN_STYLE = Automatic;
				DEVELOPMENT_TEAM = ZK776JE98H;
				INFOPLIST_FILE = LTMovableCellTableViewTests/Info.plist;
				LD_RUNPATH_SEARCH_PATHS = "$(inherited) @executable_path/Frameworks @loader_path/Frameworks";
				PRODUCT_BUNDLE_IDENTIFIER = com.huage.company.LTMovableCellTableViewTests;
				PRODUCT_NAME = "$(TARGET_NAME)";
				TARGETED_DEVICE_FAMILY = "1,2";
				TEST_HOST = "$(BUILT_PRODUCTS_DIR)/LTMovableCellTableView.app/LTMovableCellTableView";
			};
			name = Release;
		};
		C6A25E8A1FE7A924002B9CFB /* Debug */ = {
			isa = XCBuildConfiguration;
			buildSettings = {
				CODE_SIGN_STYLE = Automatic;
				DEVELOPMENT_TEAM = ZK776JE98H;
				INFOPLIST_FILE = LTMovableCellTableViewUITests/Info.plist;
				LD_RUNPATH_SEARCH_PATHS = "$(inherited) @executable_path/Frameworks @loader_path/Frameworks";
				PRODUCT_BUNDLE_IDENTIFIER = com.huage.company.LTMovableCellTableViewUITests;
				PRODUCT_NAME = "$(TARGET_NAME)";
				TARGETED_DEVICE_FAMILY = "1,2";
				TEST_TARGET_NAME = LTMovableCellTableView;
			};
			name = Debug;
		};
		C6A25E8B1FE7A924002B9CFB /* Release */ = {
			isa = XCBuildConfiguration;
			buildSettings = {
				CODE_SIGN_STYLE = Automatic;
				DEVELOPMENT_TEAM = ZK776JE98H;
				INFOPLIST_FILE = LTMovableCellTableViewUITests/Info.plist;
				LD_RUNPATH_SEARCH_PATHS = "$(inherited) @executable_path/Frameworks @loader_path/Frameworks";
				PRODUCT_BUNDLE_IDENTIFIER = com.huage.company.LTMovableCellTableViewUITests;
				PRODUCT_NAME = "$(TARGET_NAME)";
				TARGETED_DEVICE_FAMILY = "1,2";
				TEST_TARGET_NAME = LTMovableCellTableView;
			};
			name = Release;
		};
/* End XCBuildConfiguration section */

/* Begin XCConfigurationList section */
		C6A25E521FE7A924002B9CFB /* Build configuration list for PBXProject "LTMovableCellTableView" */ = {
			isa = XCConfigurationList;
			buildConfigurations = (
				C6A25E811FE7A924002B9CFB /* Debug */,
				C6A25E821FE7A924002B9CFB /* Release */,
			);
			defaultConfigurationIsVisible = 0;
			defaultConfigurationName = Release;
		};
		C6A25E831FE7A924002B9CFB /* Build configuration list for PBXNativeTarget "LTMovableCellTableView" */ = {
			isa = XCConfigurationList;
			buildConfigurations = (
				C6A25E841FE7A924002B9CFB /* Debug */,
				C6A25E851FE7A924002B9CFB /* Release */,
			);
			defaultConfigurationIsVisible = 0;
			defaultConfigurationName = Release;
		};
		C6A25E861FE7A924002B9CFB /* Build configuration list for PBXNativeTarget "LTMovableCellTableViewTests" */ = {
			isa = XCConfigurationList;
			buildConfigurations = (
				C6A25E871FE7A924002B9CFB /* Debug */,
				C6A25E881FE7A924002B9CFB /* Release */,
			);
			defaultConfigurationIsVisible = 0;
			defaultConfigurationName = Release;
		};
		C6A25E891FE7A924002B9CFB /* Build configuration list for PBXNativeTarget "LTMovableCellTableViewUITests" */ = {
			isa = XCConfigurationList;
			buildConfigurations = (
				C6A25E8A1FE7A924002B9CFB /* Debug */,
				C6A25E8B1FE7A924002B9CFB /* Release */,
			);
			defaultConfigurationIsVisible = 0;
			defaultConfigurationName = Release;
		};
/* End XCConfigurationList section */
	};
	rootObject = C6A25E4F1FE7A924002B9CFB /* Project object */;
}
